// !$*UTF8*$!
{
	archiveVersion = 1;
	classes = {
	};
	objectVersion = 56;
	objects = {

/* Begin PBXBuildFile section */
		DE035F5629D0F79C00A2FCD7 /* FeedUIIntegrationTests+Localization.swift in Sources */ = {isa = PBXBuildFile; fileRef = DE035F5529D0F79C00A2FCD7 /* FeedUIIntegrationTests+Localization.swift */; };
		DE19399729E0E9E1009420B8 /* ErrorView.swift in Sources */ = {isa = PBXBuildFile; fileRef = DE19399629E0E9E1009420B8 /* ErrorView.swift */; };
		DE19399A29E0EBD4009420B8 /* UIRefreshControl+Helpers.swift in Sources */ = {isa = PBXBuildFile; fileRef = DE19399929E0EBD4009420B8 /* UIRefreshControl+Helpers.swift */; };
		DE19399B29E2235D009420B8 /* FeedLocalizationTests.swift in Sources */ = {isa = PBXBuildFile; fileRef = DE7836A629E0E0D9000CD51C /* FeedLocalizationTests.swift */; };
		DE19399D29E2247B009420B8 /* FeedImagePresenterTests.swift in Sources */ = {isa = PBXBuildFile; fileRef = DE19399C29E2247B009420B8 /* FeedImagePresenterTests.swift */; };
		DE19399F29E22ED7009420B8 /* FeedImagePresenter.swift in Sources */ = {isa = PBXBuildFile; fileRef = DE19399E29E22ED7009420B8 /* FeedImagePresenter.swift */; };
		DE68D54229973412008F9F77 /* CacheFeedUseCaseTests.swift in Sources */ = {isa = PBXBuildFile; fileRef = DE68D54129973412008F9F77 /* CacheFeedUseCaseTests.swift */; };
		DE77342F29C7096E00C5A22C /* UITableView+Dequeueing.swift in Sources */ = {isa = PBXBuildFile; fileRef = DE77342E29C7096E00C5A22C /* UITableView+Dequeueing.swift */; };
		DE77343129C70AD300C5A22C /* UIImageView+Animations.swift in Sources */ = {isa = PBXBuildFile; fileRef = DE77343029C70AD300C5A22C /* UIImageView+Animations.swift */; };
		DE78369329DFDB77000CD51C /* FeedPresenterTests.swift in Sources */ = {isa = PBXBuildFile; fileRef = DE78369229DFDB77000CD51C /* FeedPresenterTests.swift */; };
		DE78369D29DFED2C000CD51C /* FeedPresenter.swift in Sources */ = {isa = PBXBuildFile; fileRef = DE78369C29DFED2C000CD51C /* FeedPresenter.swift */; };
		DE78369E29DFEE69000CD51C /* Feed.strings in Resources */ = {isa = PBXBuildFile; fileRef = DE78369829DFE8DF000CD51C /* Feed.strings */; };
		DE7836A029E0DAF9000CD51C /* FeedViewModel.swift in Sources */ = {isa = PBXBuildFile; fileRef = DE78369F29E0DAF9000CD51C /* FeedViewModel.swift */; };
		DE7836A229E0DB2E000CD51C /* FeedLoadingViewModel.swift in Sources */ = {isa = PBXBuildFile; fileRef = DE7836A129E0DB2E000CD51C /* FeedLoadingViewModel.swift */; };
		DE7836A429E0DB67000CD51C /* FeedErrorViewModel.swift in Sources */ = {isa = PBXBuildFile; fileRef = DE7836A329E0DB67000CD51C /* FeedErrorViewModel.swift */; };
		DEA5253E298DEB7C00600B80 /* HTTPClient.swift in Sources */ = {isa = PBXBuildFile; fileRef = DEA5253D298DEB7C00600B80 /* HTTPClient.swift */; };
		DEA52540298DEC2D00600B80 /* FeedItemsMapper.swift in Sources */ = {isa = PBXBuildFile; fileRef = DEA5253F298DEC2D00600B80 /* FeedItemsMapper.swift */; };
		DEA52543298E506A00600B80 /* URLSessionHTTPClientTests.swift in Sources */ = {isa = PBXBuildFile; fileRef = DEA52542298E506A00600B80 /* URLSessionHTTPClientTests.swift */; };
		DEA52546298F119500600B80 /* XCTestCase+MemoryLeakTracking.swift in Sources */ = {isa = PBXBuildFile; fileRef = DEA52545298F119500600B80 /* XCTestCase+MemoryLeakTracking.swift */; };
		DEA52548298F4E2A00600B80 /* URLSessionHTTPClient.swift in Sources */ = {isa = PBXBuildFile; fileRef = DEA52547298F4E2A00600B80 /* URLSessionHTTPClient.swift */; };
		DEA52550298F951C00600B80 /* EssentialFeedAPIEndToEndTests.swift in Sources */ = {isa = PBXBuildFile; fileRef = DEA5254F298F951C00600B80 /* EssentialFeedAPIEndToEndTests.swift */; };
		DEA52551298F951C00600B80 /* EssentialFeed_KaiLearning.framework in Frameworks */ = {isa = PBXBuildFile; fileRef = E9C39ECD298A3E1900B8017F /* EssentialFeed_KaiLearning.framework */; };
		DEA52557298FB9DA00600B80 /* XCTestCase+MemoryLeakTracking.swift in Sources */ = {isa = PBXBuildFile; fileRef = DEA52545298F119500600B80 /* XCTestCase+MemoryLeakTracking.swift */; };
		DEAD07D329BC6F1E00AD035F /* UIView+Shimmering.swift in Sources */ = {isa = PBXBuildFile; fileRef = DEAD07D229BC6F1E00AD035F /* UIView+Shimmering.swift */; };
		DEAD07D629BD708D00AD035F /* UIImage+TestHelpers.swift in Sources */ = {isa = PBXBuildFile; fileRef = DEAD07D529BD708D00AD035F /* UIImage+TestHelpers.swift */; };
		DEAD07D829BD712400AD035F /* UIRefreshControl+TestHelpers.swift .swift in Sources */ = {isa = PBXBuildFile; fileRef = DEAD07D729BD712400AD035F /* UIRefreshControl+TestHelpers.swift .swift */; };
		DEAD07DA29BD718C00AD035F /* UIButton+TestHelpers.swift in Sources */ = {isa = PBXBuildFile; fileRef = DEAD07D929BD718C00AD035F /* UIButton+TestHelpers.swift */; };
		DEAD07DC29BD71DD00AD035F /* UIControl+TestHelpers.swift in Sources */ = {isa = PBXBuildFile; fileRef = DEAD07DB29BD71DD00AD035F /* UIControl+TestHelpers.swift */; };
		DEAD07E329BD760E00AD035F /* FeedViewController+TestHelpers.swift in Sources */ = {isa = PBXBuildFile; fileRef = DEAD07E229BD760E00AD035F /* FeedViewController+TestHelpers.swift */; };
		DEAD07E529BD766E00AD035F /* FeedImageCell+TestHelpers.swift in Sources */ = {isa = PBXBuildFile; fileRef = DEAD07E429BD766E00AD035F /* FeedImageCell+TestHelpers.swift */; };
		DEAD07E729BD7CBE00AD035F /* FeedUIIntegrationTests+LoaderSpy.swift in Sources */ = {isa = PBXBuildFile; fileRef = DEAD07E629BD7CBE00AD035F /* FeedUIIntegrationTests+LoaderSpy.swift */; };
		DEAD07E929BD994A00AD035F /* FeedUIIntegrationTests+Assertions.swift in Sources */ = {isa = PBXBuildFile; fileRef = DEAD07E829BD994A00AD035F /* FeedUIIntegrationTests+Assertions.swift */; };
		DEAD07EE29BD9E5E00AD035F /* FeedImageDataLoader.swift in Sources */ = {isa = PBXBuildFile; fileRef = DEAD07ED29BD9E5E00AD035F /* FeedImageDataLoader.swift */; };
		DEAD07F229BDA31B00AD035F /* FeedImageCellController.swift in Sources */ = {isa = PBXBuildFile; fileRef = DEAD07F129BDA31B00AD035F /* FeedImageCellController.swift */; };
		DEAD07F529BDA5E100AD035F /* FeedUIComposer.swift .swift in Sources */ = {isa = PBXBuildFile; fileRef = DEAD07F429BDA5E100AD035F /* FeedUIComposer.swift .swift */; };
		DEAD07FA29BDD2C700AD035F /* FeedImageViewModel.swift in Sources */ = {isa = PBXBuildFile; fileRef = DEAD07F929BDD2C700AD035F /* FeedImageViewModel.swift */; };
		DEFE380129B33386002849DB /* ValidateFeedCacheUseCaseTests.swift in Sources */ = {isa = PBXBuildFile; fileRef = DEFE380029B33386002849DB /* ValidateFeedCacheUseCaseTests.swift */; };
		DEFE380329B341C0002849DB /* FeedCacheTestHelpers.swift in Sources */ = {isa = PBXBuildFile; fileRef = DEFE380229B341C0002849DB /* FeedCacheTestHelpers.swift */; };
		DEFE380529B347B7002849DB /* SharedTestHelpers.swift in Sources */ = {isa = PBXBuildFile; fileRef = DEFE380429B347B7002849DB /* SharedTestHelpers.swift */; };
		DEFE380729B40371002849DB /* FeedCachePolicy.swift in Sources */ = {isa = PBXBuildFile; fileRef = DEFE380629B40371002849DB /* FeedCachePolicy.swift */; };
		DEFE38E929BA79E3002849DB /* XCTestCase+MemoryLeakTracking.swift in Sources */ = {isa = PBXBuildFile; fileRef = DEA52545298F119500600B80 /* XCTestCase+MemoryLeakTracking.swift */; };
		DEFE38EF29BA9330002849DB /* FeedViewController.swift in Sources */ = {isa = PBXBuildFile; fileRef = DEFE38EE29BA9330002849DB /* FeedViewController.swift */; };
		DEFE45C229D24C8500032A07 /* MainQueueDispatchDecorator.swift in Sources */ = {isa = PBXBuildFile; fileRef = DEFE45C129D24C8500032A07 /* MainQueueDispatchDecorator.swift */; };
		DEFE45C429D24D3900032A07 /* WeakRefVirtualProxy.swift in Sources */ = {isa = PBXBuildFile; fileRef = DEFE45C329D24D3900032A07 /* WeakRefVirtualProxy.swift */; };
		DEFE45C629D24D8800032A07 /* FeedImageDataLoaderPresentationAdapter.swift in Sources */ = {isa = PBXBuildFile; fileRef = DEFE45C529D24D8800032A07 /* FeedImageDataLoaderPresentationAdapter.swift */; };
		DEFE45C829D24DDF00032A07 /* FeedLoaderPresentationAdapter.swift in Sources */ = {isa = PBXBuildFile; fileRef = DEFE45C729D24DDF00032A07 /* FeedLoaderPresentationAdapter.swift */; };
		DEFE45CA29D24E2700032A07 /* FeedViewAdapter.swift in Sources */ = {isa = PBXBuildFile; fileRef = DEFE45C929D24E2700032A07 /* FeedViewAdapter.swift */; };
		E96408F2299DD49A0080EFB2 /* RemoteFeedItem.swift in Sources */ = {isa = PBXBuildFile; fileRef = E96408F1299DD49A0080EFB2 /* RemoteFeedItem.swift */; };
		E96408F4299DD5110080EFB2 /* LocalFeedImage.swift in Sources */ = {isa = PBXBuildFile; fileRef = E96408F3299DD5110080EFB2 /* LocalFeedImage.swift */; };
		E96408F6299DFE510080EFB2 /* LoadFeedFromCacheUseCaseTests.swift in Sources */ = {isa = PBXBuildFile; fileRef = E96408F5299DFE510080EFB2 /* LoadFeedFromCacheUseCaseTests.swift */; };
		E9BCFE54299C79B400AED5AB /* LocalFeedLoader.swift in Sources */ = {isa = PBXBuildFile; fileRef = E9BCFE53299C79B400AED5AB /* LocalFeedLoader.swift */; };
		E9BCFE56299C7ACC00AED5AB /* FeedStore.swift in Sources */ = {isa = PBXBuildFile; fileRef = E9BCFE55299C7ACC00AED5AB /* FeedStore.swift */; };
		E9C39ED8298A3E1900B8017F /* EssentialFeed_KaiLearning.framework in Frameworks */ = {isa = PBXBuildFile; fileRef = E9C39ECD298A3E1900B8017F /* EssentialFeed_KaiLearning.framework */; };
		E9C39EE8298A3E7900B8017F /* FeedImage.swift in Sources */ = {isa = PBXBuildFile; fileRef = E9C39EE7298A3E7900B8017F /* FeedImage.swift */; };
		E9C39EEA298A3F3D00B8017F /* FeedLoader.swift in Sources */ = {isa = PBXBuildFile; fileRef = E9C39EE9298A3F3D00B8017F /* FeedLoader.swift */; };
		E9C39EED298A44B000B8017F /* RemoteFeedLoaderTests.swift in Sources */ = {isa = PBXBuildFile; fileRef = E9C39EEC298A44B000B8017F /* RemoteFeedLoaderTests.swift */; };
		E9C39EF0298A64F600B8017F /* RemoteFeedLoader.swift in Sources */ = {isa = PBXBuildFile; fileRef = E9C39EEF298A64F600B8017F /* RemoteFeedLoader.swift */; };
		EF2F005B29C1BB1000064CBC /* Feed.storyboard in Resources */ = {isa = PBXBuildFile; fileRef = EF2F005A29C1BB1000064CBC /* Feed.storyboard */; };
		EF2F005D29C1BBB600064CBC /* Feed.xcassets in Resources */ = {isa = PBXBuildFile; fileRef = EF2F005C29C1BBB600064CBC /* Feed.xcassets */; };
		EF4B3E4729C01768003704AD /* FeedImagePressenter.swift in Sources */ = {isa = PBXBuildFile; fileRef = EF4B3E4629C01768003704AD /* FeedImagePressenter.swift */; };
		EF6BF24929B9A5C1007C7A99 /* EssentialFeediOS.framework in Frameworks */ = {isa = PBXBuildFile; fileRef = EF6BF24129B9A5C0007C7A99 /* EssentialFeediOS.framework */; };
		EF6BF25729B9AFCD007C7A99 /* FeedUIIntegrationTests.swift in Sources */ = {isa = PBXBuildFile; fileRef = EF6BF25629B9AFCD007C7A99 /* FeedUIIntegrationTests.swift */; };
		EF7DF4C029B6E67F00C4DD2D /* FeedStoreSpecs.swift in Sources */ = {isa = PBXBuildFile; fileRef = EF7DF4BF29B6E67F00C4DD2D /* FeedStoreSpecs.swift */; };
		EF7DF4C429B6EC2E00C4DD2D /* XCTestCase+FeedStoreSpecs.swift in Sources */ = {isa = PBXBuildFile; fileRef = EF7DF4C329B6EC2E00C4DD2D /* XCTestCase+FeedStoreSpecs.swift */; };
		EF7DF4C629B6F36500C4DD2D /* XCTestCase+FailableRetrieveFeedStoreSpecs.swift in Sources */ = {isa = PBXBuildFile; fileRef = EF7DF4C529B6F36500C4DD2D /* XCTestCase+FailableRetrieveFeedStoreSpecs.swift */; };
		EF7DF4C829B6FF8800C4DD2D /* XCTestCase+FailableInsertFeedStoreSpecs.swift in Sources */ = {isa = PBXBuildFile; fileRef = EF7DF4C729B6FF8800C4DD2D /* XCTestCase+FailableInsertFeedStoreSpecs.swift */; };
		EF7DF4CA29B700CA00C4DD2D /* XCTestCase+FailableDeleteFeedStoreSpecs.swift in Sources */ = {isa = PBXBuildFile; fileRef = EF7DF4C929B700CA00C4DD2D /* XCTestCase+FailableDeleteFeedStoreSpecs.swift */; };
		EF7DF4CF29B7088B00C4DD2D /* FeedStore.xcdatamodeld in Sources */ = {isa = PBXBuildFile; fileRef = EF7DF4CC29B7088B00C4DD2D /* FeedStore.xcdatamodeld */; };
		EF7DF4D129B7097500C4DD2D /* CoreDataFeedStoreTests.swift in Sources */ = {isa = PBXBuildFile; fileRef = EF7DF4D029B7097500C4DD2D /* CoreDataFeedStoreTests.swift */; };
		EF7DF4D329B709FF00C4DD2D /* CoreDataFeedStore.swift in Sources */ = {isa = PBXBuildFile; fileRef = EF7DF4D229B709FF00C4DD2D /* CoreDataFeedStore.swift */; };
		EFBA46E929BAC91500ED98D4 /* FeedImageCell.swift in Sources */ = {isa = PBXBuildFile; fileRef = EFBA46E829BAC91500ED98D4 /* FeedImageCell.swift */; };
		EFC0EAFC29B81CC6006E271F /* CoreDataHelper.swift in Sources */ = {isa = PBXBuildFile; fileRef = EFC0EAFB29B81CC6006E271F /* CoreDataHelper.swift */; };
		EFC0EAFE29B81EAA006E271F /* ManagedCache.swift in Sources */ = {isa = PBXBuildFile; fileRef = EFC0EAFD29B81EAA006E271F /* ManagedCache.swift */; };
		EFC0EB0029B81F78006E271F /* ManagedFeedImage.swift in Sources */ = {isa = PBXBuildFile; fileRef = EFC0EAFF29B81F78006E271F /* ManagedFeedImage.swift */; };
		EFC0EB0829B82404006E271F /* EssentialFeedCacheIntegrationTests.swift in Sources */ = {isa = PBXBuildFile; fileRef = EFC0EB0729B82404006E271F /* EssentialFeedCacheIntegrationTests.swift */; };
		EFC0EB0929B82404006E271F /* EssentialFeed_KaiLearning.framework in Frameworks */ = {isa = PBXBuildFile; fileRef = E9C39ECD298A3E1900B8017F /* EssentialFeed_KaiLearning.framework */; };
		EFC0EB0F29B82579006E271F /* XCTestCase+MemoryLeakTracking.swift in Sources */ = {isa = PBXBuildFile; fileRef = DEA52545298F119500600B80 /* XCTestCase+MemoryLeakTracking.swift */; };
		EFC0EB1029B85E83006E271F /* FeedCacheTestHelpers.swift in Sources */ = {isa = PBXBuildFile; fileRef = DEFE380229B341C0002849DB /* FeedCacheTestHelpers.swift */; };
		EFC0EB1229B85E90006E271F /* SharedTestHelpers.swift in Sources */ = {isa = PBXBuildFile; fileRef = DEFE380429B347B7002849DB /* SharedTestHelpers.swift */; };
		EFD5E2E229B715F3001BCD98 /* FeedStoreSpy.swift in Sources */ = {isa = PBXBuildFile; fileRef = E96408F8299E02420080EFB2 /* FeedStoreSpy.swift */; };
		EFD5E2E429B71816001BCD98 /* FeedStore.xcdatamodeld in Sources */ = {isa = PBXBuildFile; fileRef = EF7DF4CC29B7088B00C4DD2D /* FeedStore.xcdatamodeld */; };
		EFD5E2E629B71D88001BCD98 /* FeedStoreSpecs.swift in Sources */ = {isa = PBXBuildFile; fileRef = EF7DF4BF29B6E67F00C4DD2D /* FeedStoreSpecs.swift */; };
		EFE0B75A29B9DFCB008129EE /* EssentialFeed_KaiLearning.framework in Frameworks */ = {isa = PBXBuildFile; fileRef = E9C39ECD298A3E1900B8017F /* EssentialFeed_KaiLearning.framework */; platformFilter = ios; };
/* End PBXBuildFile section */

/* Begin PBXContainerItemProxy section */
		DEA52552298F951C00600B80 /* PBXContainerItemProxy */ = {
			isa = PBXContainerItemProxy;
			containerPortal = E9C39EC4298A3E1800B8017F /* Project object */;
			proxyType = 1;
			remoteGlobalIDString = E9C39ECC298A3E1900B8017F;
			remoteInfo = "EssentialFeed-KaiLearning";
		};
		E9C39ED9298A3E1900B8017F /* PBXContainerItemProxy */ = {
			isa = PBXContainerItemProxy;
			containerPortal = E9C39EC4298A3E1800B8017F /* Project object */;
			proxyType = 1;
			remoteGlobalIDString = E9C39ECC298A3E1900B8017F;
			remoteInfo = "EssentialFeed-KaiLearning";
		};
		EF6BF24A29B9A5C1007C7A99 /* PBXContainerItemProxy */ = {
			isa = PBXContainerItemProxy;
			containerPortal = E9C39EC4298A3E1800B8017F /* Project object */;
			proxyType = 1;
			remoteGlobalIDString = EF6BF24029B9A5C0007C7A99;
			remoteInfo = EssentialFeediOS;
		};
		EFC0EB0A29B82404006E271F /* PBXContainerItemProxy */ = {
			isa = PBXContainerItemProxy;
			containerPortal = E9C39EC4298A3E1800B8017F /* Project object */;
			proxyType = 1;
			remoteGlobalIDString = E9C39ECC298A3E1900B8017F;
			remoteInfo = "EssentialFeed-KaiLearning";
		};
/* End PBXContainerItemProxy section */

/* Begin PBXFileReference section */
		DE035F5529D0F79C00A2FCD7 /* FeedUIIntegrationTests+Localization.swift */ = {isa = PBXFileReference; lastKnownFileType = sourcecode.swift; path = "FeedUIIntegrationTests+Localization.swift"; sourceTree = "<group>"; };
		DE19399629E0E9E1009420B8 /* ErrorView.swift */ = {isa = PBXFileReference; lastKnownFileType = sourcecode.swift; path = ErrorView.swift; sourceTree = "<group>"; };
		DE19399929E0EBD4009420B8 /* UIRefreshControl+Helpers.swift */ = {isa = PBXFileReference; lastKnownFileType = sourcecode.swift; path = "UIRefreshControl+Helpers.swift"; sourceTree = "<group>"; };
		DE19399C29E2247B009420B8 /* FeedImagePresenterTests.swift */ = {isa = PBXFileReference; lastKnownFileType = sourcecode.swift; path = FeedImagePresenterTests.swift; sourceTree = "<group>"; };
		DE19399E29E22ED7009420B8 /* FeedImagePresenter.swift */ = {isa = PBXFileReference; lastKnownFileType = sourcecode.swift; path = FeedImagePresenter.swift; sourceTree = "<group>"; };
		DE68D54129973412008F9F77 /* CacheFeedUseCaseTests.swift */ = {isa = PBXFileReference; lastKnownFileType = sourcecode.swift; path = CacheFeedUseCaseTests.swift; sourceTree = "<group>"; };
		DE77342E29C7096E00C5A22C /* UITableView+Dequeueing.swift */ = {isa = PBXFileReference; lastKnownFileType = sourcecode.swift; path = "UITableView+Dequeueing.swift"; sourceTree = "<group>"; };
		DE77343029C70AD300C5A22C /* UIImageView+Animations.swift */ = {isa = PBXFileReference; lastKnownFileType = sourcecode.swift; path = "UIImageView+Animations.swift"; sourceTree = "<group>"; };
		DE78369229DFDB77000CD51C /* FeedPresenterTests.swift */ = {isa = PBXFileReference; lastKnownFileType = sourcecode.swift; path = FeedPresenterTests.swift; sourceTree = "<group>"; };
		DE78369729DFE8DF000CD51C /* en */ = {isa = PBXFileReference; lastKnownFileType = text.plist.strings; name = en; path = en.lproj/Feed.strings; sourceTree = "<group>"; };
		DE78369929DFE8E3000CD51C /* el */ = {isa = PBXFileReference; lastKnownFileType = text.plist.strings; name = el; path = el.lproj/Feed.strings; sourceTree = "<group>"; };
		DE78369A29DFE8E5000CD51C /* pt-BR */ = {isa = PBXFileReference; lastKnownFileType = text.plist.strings; name = "pt-BR"; path = "pt-BR.lproj/Feed.strings"; sourceTree = "<group>"; };
		DE78369C29DFED2C000CD51C /* FeedPresenter.swift */ = {isa = PBXFileReference; lastKnownFileType = sourcecode.swift; path = FeedPresenter.swift; sourceTree = "<group>"; };
		DE78369F29E0DAF9000CD51C /* FeedViewModel.swift */ = {isa = PBXFileReference; lastKnownFileType = sourcecode.swift; path = FeedViewModel.swift; sourceTree = "<group>"; };
		DE7836A129E0DB2E000CD51C /* FeedLoadingViewModel.swift */ = {isa = PBXFileReference; lastKnownFileType = sourcecode.swift; path = FeedLoadingViewModel.swift; sourceTree = "<group>"; };
		DE7836A329E0DB67000CD51C /* FeedErrorViewModel.swift */ = {isa = PBXFileReference; lastKnownFileType = sourcecode.swift; path = FeedErrorViewModel.swift; sourceTree = "<group>"; };
		DE7836A629E0E0D9000CD51C /* FeedLocalizationTests.swift */ = {isa = PBXFileReference; lastKnownFileType = sourcecode.swift; path = FeedLocalizationTests.swift; sourceTree = "<group>"; };
		DEA5253D298DEB7C00600B80 /* HTTPClient.swift */ = {isa = PBXFileReference; lastKnownFileType = sourcecode.swift; path = HTTPClient.swift; sourceTree = "<group>"; };
		DEA5253F298DEC2D00600B80 /* FeedItemsMapper.swift */ = {isa = PBXFileReference; lastKnownFileType = sourcecode.swift; path = FeedItemsMapper.swift; sourceTree = "<group>"; };
		DEA52542298E506A00600B80 /* URLSessionHTTPClientTests.swift */ = {isa = PBXFileReference; lastKnownFileType = sourcecode.swift; path = URLSessionHTTPClientTests.swift; sourceTree = "<group>"; };
		DEA52545298F119500600B80 /* XCTestCase+MemoryLeakTracking.swift */ = {isa = PBXFileReference; lastKnownFileType = sourcecode.swift; path = "XCTestCase+MemoryLeakTracking.swift"; sourceTree = "<group>"; };
		DEA52547298F4E2A00600B80 /* URLSessionHTTPClient.swift */ = {isa = PBXFileReference; lastKnownFileType = sourcecode.swift; path = URLSessionHTTPClient.swift; sourceTree = "<group>"; };
		DEA5254D298F951C00600B80 /* EssentialFeedAPIEndToEndTests.xctest */ = {isa = PBXFileReference; explicitFileType = wrapper.cfbundle; includeInIndex = 0; path = EssentialFeedAPIEndToEndTests.xctest; sourceTree = BUILT_PRODUCTS_DIR; };
		DEA5254F298F951C00600B80 /* EssentialFeedAPIEndToEndTests.swift */ = {isa = PBXFileReference; lastKnownFileType = sourcecode.swift; path = EssentialFeedAPIEndToEndTests.swift; sourceTree = "<group>"; };
		DEAD07D229BC6F1E00AD035F /* UIView+Shimmering.swift */ = {isa = PBXFileReference; lastKnownFileType = sourcecode.swift; path = "UIView+Shimmering.swift"; sourceTree = "<group>"; };
		DEAD07D529BD708D00AD035F /* UIImage+TestHelpers.swift */ = {isa = PBXFileReference; lastKnownFileType = sourcecode.swift; path = "UIImage+TestHelpers.swift"; sourceTree = "<group>"; };
		DEAD07D729BD712400AD035F /* UIRefreshControl+TestHelpers.swift .swift */ = {isa = PBXFileReference; lastKnownFileType = sourcecode.swift; path = "UIRefreshControl+TestHelpers.swift .swift"; sourceTree = "<group>"; };
		DEAD07D929BD718C00AD035F /* UIButton+TestHelpers.swift */ = {isa = PBXFileReference; lastKnownFileType = sourcecode.swift; path = "UIButton+TestHelpers.swift"; sourceTree = "<group>"; };
		DEAD07DB29BD71DD00AD035F /* UIControl+TestHelpers.swift */ = {isa = PBXFileReference; lastKnownFileType = sourcecode.swift; path = "UIControl+TestHelpers.swift"; sourceTree = "<group>"; };
		DEAD07E229BD760E00AD035F /* FeedViewController+TestHelpers.swift */ = {isa = PBXFileReference; lastKnownFileType = sourcecode.swift; path = "FeedViewController+TestHelpers.swift"; sourceTree = "<group>"; };
		DEAD07E429BD766E00AD035F /* FeedImageCell+TestHelpers.swift */ = {isa = PBXFileReference; lastKnownFileType = sourcecode.swift; path = "FeedImageCell+TestHelpers.swift"; sourceTree = "<group>"; };
		DEAD07E629BD7CBE00AD035F /* FeedUIIntegrationTests+LoaderSpy.swift */ = {isa = PBXFileReference; lastKnownFileType = sourcecode.swift; path = "FeedUIIntegrationTests+LoaderSpy.swift"; sourceTree = "<group>"; };
		DEAD07E829BD994A00AD035F /* FeedUIIntegrationTests+Assertions.swift */ = {isa = PBXFileReference; lastKnownFileType = sourcecode.swift; path = "FeedUIIntegrationTests+Assertions.swift"; sourceTree = "<group>"; };
		DEAD07ED29BD9E5E00AD035F /* FeedImageDataLoader.swift */ = {isa = PBXFileReference; lastKnownFileType = sourcecode.swift; path = FeedImageDataLoader.swift; sourceTree = "<group>"; };
		DEAD07F129BDA31B00AD035F /* FeedImageCellController.swift */ = {isa = PBXFileReference; lastKnownFileType = sourcecode.swift; path = FeedImageCellController.swift; sourceTree = "<group>"; };
		DEAD07F429BDA5E100AD035F /* FeedUIComposer.swift .swift */ = {isa = PBXFileReference; lastKnownFileType = sourcecode.swift; path = "FeedUIComposer.swift .swift"; sourceTree = "<group>"; };
		DEAD07F929BDD2C700AD035F /* FeedImageViewModel.swift */ = {isa = PBXFileReference; lastKnownFileType = sourcecode.swift; path = FeedImageViewModel.swift; sourceTree = "<group>"; };
		DEFE380029B33386002849DB /* ValidateFeedCacheUseCaseTests.swift */ = {isa = PBXFileReference; lastKnownFileType = sourcecode.swift; path = ValidateFeedCacheUseCaseTests.swift; sourceTree = "<group>"; };
		DEFE380229B341C0002849DB /* FeedCacheTestHelpers.swift */ = {isa = PBXFileReference; lastKnownFileType = sourcecode.swift; path = FeedCacheTestHelpers.swift; sourceTree = "<group>"; };
		DEFE380429B347B7002849DB /* SharedTestHelpers.swift */ = {isa = PBXFileReference; lastKnownFileType = sourcecode.swift; path = SharedTestHelpers.swift; sourceTree = "<group>"; };
		DEFE380629B40371002849DB /* FeedCachePolicy.swift */ = {isa = PBXFileReference; lastKnownFileType = sourcecode.swift; path = FeedCachePolicy.swift; sourceTree = "<group>"; };
		DEFE38EE29BA9330002849DB /* FeedViewController.swift */ = {isa = PBXFileReference; lastKnownFileType = sourcecode.swift; path = FeedViewController.swift; sourceTree = "<group>"; };
		DEFE45C129D24C8500032A07 /* MainQueueDispatchDecorator.swift */ = {isa = PBXFileReference; lastKnownFileType = sourcecode.swift; path = MainQueueDispatchDecorator.swift; sourceTree = "<group>"; };
		DEFE45C329D24D3900032A07 /* WeakRefVirtualProxy.swift */ = {isa = PBXFileReference; lastKnownFileType = sourcecode.swift; path = WeakRefVirtualProxy.swift; sourceTree = "<group>"; };
		DEFE45C529D24D8800032A07 /* FeedImageDataLoaderPresentationAdapter.swift */ = {isa = PBXFileReference; lastKnownFileType = sourcecode.swift; path = FeedImageDataLoaderPresentationAdapter.swift; sourceTree = "<group>"; };
		DEFE45C729D24DDF00032A07 /* FeedLoaderPresentationAdapter.swift */ = {isa = PBXFileReference; lastKnownFileType = sourcecode.swift; path = FeedLoaderPresentationAdapter.swift; sourceTree = "<group>"; };
		DEFE45C929D24E2700032A07 /* FeedViewAdapter.swift */ = {isa = PBXFileReference; lastKnownFileType = sourcecode.swift; path = FeedViewAdapter.swift; sourceTree = "<group>"; };
		E96408F1299DD49A0080EFB2 /* RemoteFeedItem.swift */ = {isa = PBXFileReference; lastKnownFileType = sourcecode.swift; path = RemoteFeedItem.swift; sourceTree = "<group>"; };
		E96408F3299DD5110080EFB2 /* LocalFeedImage.swift */ = {isa = PBXFileReference; lastKnownFileType = sourcecode.swift; path = LocalFeedImage.swift; sourceTree = "<group>"; };
		E96408F5299DFE510080EFB2 /* LoadFeedFromCacheUseCaseTests.swift */ = {isa = PBXFileReference; lastKnownFileType = sourcecode.swift; path = LoadFeedFromCacheUseCaseTests.swift; sourceTree = "<group>"; };
		E96408F8299E02420080EFB2 /* FeedStoreSpy.swift */ = {isa = PBXFileReference; lastKnownFileType = sourcecode.swift; path = FeedStoreSpy.swift; sourceTree = "<group>"; };
		E9BCFE53299C79B400AED5AB /* LocalFeedLoader.swift */ = {isa = PBXFileReference; lastKnownFileType = sourcecode.swift; path = LocalFeedLoader.swift; sourceTree = "<group>"; };
		E9BCFE55299C7ACC00AED5AB /* FeedStore.swift */ = {isa = PBXFileReference; lastKnownFileType = sourcecode.swift; path = FeedStore.swift; sourceTree = "<group>"; };
		E9C39ECD298A3E1900B8017F /* EssentialFeed_KaiLearning.framework */ = {isa = PBXFileReference; explicitFileType = wrapper.framework; includeInIndex = 0; path = EssentialFeed_KaiLearning.framework; sourceTree = BUILT_PRODUCTS_DIR; };
		E9C39ED7298A3E1900B8017F /* EssentialFeed-KaiLearningTests.xctest */ = {isa = PBXFileReference; explicitFileType = wrapper.cfbundle; includeInIndex = 0; path = "EssentialFeed-KaiLearningTests.xctest"; sourceTree = BUILT_PRODUCTS_DIR; };
		E9C39EE7298A3E7900B8017F /* FeedImage.swift */ = {isa = PBXFileReference; lastKnownFileType = sourcecode.swift; path = FeedImage.swift; sourceTree = "<group>"; };
		E9C39EE9298A3F3D00B8017F /* FeedLoader.swift */ = {isa = PBXFileReference; lastKnownFileType = sourcecode.swift; path = FeedLoader.swift; sourceTree = "<group>"; };
		E9C39EEC298A44B000B8017F /* RemoteFeedLoaderTests.swift */ = {isa = PBXFileReference; lastKnownFileType = sourcecode.swift; path = RemoteFeedLoaderTests.swift; sourceTree = "<group>"; };
		E9C39EEF298A64F600B8017F /* RemoteFeedLoader.swift */ = {isa = PBXFileReference; lastKnownFileType = sourcecode.swift; path = RemoteFeedLoader.swift; sourceTree = "<group>"; };
		EF2F005A29C1BB1000064CBC /* Feed.storyboard */ = {isa = PBXFileReference; lastKnownFileType = file.storyboard; path = Feed.storyboard; sourceTree = "<group>"; };
		EF2F005C29C1BBB600064CBC /* Feed.xcassets */ = {isa = PBXFileReference; lastKnownFileType = folder.assetcatalog; path = Feed.xcassets; sourceTree = "<group>"; };
		EF4B3E4629C01768003704AD /* FeedImagePressenter.swift */ = {isa = PBXFileReference; lastKnownFileType = sourcecode.swift; path = FeedImagePressenter.swift; sourceTree = "<group>"; };
		EF6BF24129B9A5C0007C7A99 /* EssentialFeediOS.framework */ = {isa = PBXFileReference; explicitFileType = wrapper.framework; includeInIndex = 0; path = EssentialFeediOS.framework; sourceTree = BUILT_PRODUCTS_DIR; };
		EF6BF24829B9A5C1007C7A99 /* EssentialFeediOSTests.xctest */ = {isa = PBXFileReference; explicitFileType = wrapper.cfbundle; includeInIndex = 0; path = EssentialFeediOSTests.xctest; sourceTree = BUILT_PRODUCTS_DIR; };
		EF6BF25629B9AFCD007C7A99 /* FeedUIIntegrationTests.swift */ = {isa = PBXFileReference; lastKnownFileType = sourcecode.swift; path = FeedUIIntegrationTests.swift; sourceTree = "<group>"; };
		EF7DF4BF29B6E67F00C4DD2D /* FeedStoreSpecs.swift */ = {isa = PBXFileReference; lastKnownFileType = sourcecode.swift; path = FeedStoreSpecs.swift; sourceTree = "<group>"; };
		EF7DF4C329B6EC2E00C4DD2D /* XCTestCase+FeedStoreSpecs.swift */ = {isa = PBXFileReference; lastKnownFileType = sourcecode.swift; path = "XCTestCase+FeedStoreSpecs.swift"; sourceTree = "<group>"; };
		EF7DF4C529B6F36500C4DD2D /* XCTestCase+FailableRetrieveFeedStoreSpecs.swift */ = {isa = PBXFileReference; lastKnownFileType = sourcecode.swift; path = "XCTestCase+FailableRetrieveFeedStoreSpecs.swift"; sourceTree = "<group>"; };
		EF7DF4C729B6FF8800C4DD2D /* XCTestCase+FailableInsertFeedStoreSpecs.swift */ = {isa = PBXFileReference; lastKnownFileType = sourcecode.swift; path = "XCTestCase+FailableInsertFeedStoreSpecs.swift"; sourceTree = "<group>"; };
		EF7DF4C929B700CA00C4DD2D /* XCTestCase+FailableDeleteFeedStoreSpecs.swift */ = {isa = PBXFileReference; lastKnownFileType = sourcecode.swift; path = "XCTestCase+FailableDeleteFeedStoreSpecs.swift"; sourceTree = "<group>"; };
		EF7DF4CD29B7088B00C4DD2D /* FeedStore2.xcdatamodel */ = {isa = PBXFileReference; lastKnownFileType = wrapper.xcdatamodel; path = FeedStore2.xcdatamodel; sourceTree = "<group>"; };
		EF7DF4CE29B7088B00C4DD2D /* FeedStore.xcdatamodel */ = {isa = PBXFileReference; lastKnownFileType = wrapper.xcdatamodel; path = FeedStore.xcdatamodel; sourceTree = "<group>"; };
		EF7DF4D029B7097500C4DD2D /* CoreDataFeedStoreTests.swift */ = {isa = PBXFileReference; lastKnownFileType = sourcecode.swift; path = CoreDataFeedStoreTests.swift; sourceTree = "<group>"; };
		EF7DF4D229B709FF00C4DD2D /* CoreDataFeedStore.swift */ = {isa = PBXFileReference; lastKnownFileType = sourcecode.swift; path = CoreDataFeedStore.swift; sourceTree = "<group>"; };
		EFBA46E829BAC91500ED98D4 /* FeedImageCell.swift */ = {isa = PBXFileReference; lastKnownFileType = sourcecode.swift; path = FeedImageCell.swift; sourceTree = "<group>"; };
		EFC0EAFB29B81CC6006E271F /* CoreDataHelper.swift */ = {isa = PBXFileReference; lastKnownFileType = sourcecode.swift; path = CoreDataHelper.swift; sourceTree = "<group>"; };
		EFC0EAFD29B81EAA006E271F /* ManagedCache.swift */ = {isa = PBXFileReference; lastKnownFileType = sourcecode.swift; path = ManagedCache.swift; sourceTree = "<group>"; };
		EFC0EAFF29B81F78006E271F /* ManagedFeedImage.swift */ = {isa = PBXFileReference; lastKnownFileType = sourcecode.swift; path = ManagedFeedImage.swift; sourceTree = "<group>"; };
		EFC0EB0529B82404006E271F /* EssentialFeedCacheIntegrationTests.xctest */ = {isa = PBXFileReference; explicitFileType = wrapper.cfbundle; includeInIndex = 0; path = EssentialFeedCacheIntegrationTests.xctest; sourceTree = BUILT_PRODUCTS_DIR; };
		EFC0EB0729B82404006E271F /* EssentialFeedCacheIntegrationTests.swift */ = {isa = PBXFileReference; lastKnownFileType = sourcecode.swift; path = EssentialFeedCacheIntegrationTests.swift; sourceTree = "<group>"; };
/* End PBXFileReference section */

/* Begin PBXFrameworksBuildPhase section */
		DEA5254A298F951C00600B80 /* Frameworks */ = {
			isa = PBXFrameworksBuildPhase;
			buildActionMask = 2147483647;
			files = (
				DEA52551298F951C00600B80 /* EssentialFeed_KaiLearning.framework in Frameworks */,
			);
			runOnlyForDeploymentPostprocessing = 0;
		};
		E9C39ECA298A3E1900B8017F /* Frameworks */ = {
			isa = PBXFrameworksBuildPhase;
			buildActionMask = 2147483647;
			files = (
			);
			runOnlyForDeploymentPostprocessing = 0;
		};
		E9C39ED4298A3E1900B8017F /* Frameworks */ = {
			isa = PBXFrameworksBuildPhase;
			buildActionMask = 2147483647;
			files = (
				E9C39ED8298A3E1900B8017F /* EssentialFeed_KaiLearning.framework in Frameworks */,
			);
			runOnlyForDeploymentPostprocessing = 0;
		};
		EF6BF23E29B9A5C0007C7A99 /* Frameworks */ = {
			isa = PBXFrameworksBuildPhase;
			buildActionMask = 2147483647;
			files = (
				EFE0B75A29B9DFCB008129EE /* EssentialFeed_KaiLearning.framework in Frameworks */,
			);
			runOnlyForDeploymentPostprocessing = 0;
		};
		EF6BF24529B9A5C1007C7A99 /* Frameworks */ = {
			isa = PBXFrameworksBuildPhase;
			buildActionMask = 2147483647;
			files = (
				EF6BF24929B9A5C1007C7A99 /* EssentialFeediOS.framework in Frameworks */,
			);
			runOnlyForDeploymentPostprocessing = 0;
		};
		EFC0EB0229B82404006E271F /* Frameworks */ = {
			isa = PBXFrameworksBuildPhase;
			buildActionMask = 2147483647;
			files = (
				EFC0EB0929B82404006E271F /* EssentialFeed_KaiLearning.framework in Frameworks */,
			);
			runOnlyForDeploymentPostprocessing = 0;
		};
/* End PBXFrameworksBuildPhase section */

/* Begin PBXGroup section */
		DE19399829E0EB42009420B8 /* Helpers */ = {
			isa = PBXGroup;
			children = (
				DE77342E29C7096E00C5A22C /* UITableView+Dequeueing.swift */,
				DE77343029C70AD300C5A22C /* UIImageView+Animations.swift */,
				DEAD07D229BC6F1E00AD035F /* UIView+Shimmering.swift */,
				DE19399929E0EBD4009420B8 /* UIRefreshControl+Helpers.swift */,
			);
			path = Helpers;
			sourceTree = "<group>";
		};
		DE68D540299733C8008F9F77 /* Feed Cache */ = {
			isa = PBXGroup;
			children = (
				E96408F7299E01F30080EFB2 /* Helpers */,
				DE68D54129973412008F9F77 /* CacheFeedUseCaseTests.swift */,
				E96408F5299DFE510080EFB2 /* LoadFeedFromCacheUseCaseTests.swift */,
				DEFE380029B33386002849DB /* ValidateFeedCacheUseCaseTests.swift */,
				EF7DF4D029B7097500C4DD2D /* CoreDataFeedStoreTests.swift */,
				EF7DF4CB29B701E400C4DD2D /* FeedStoreSpecs */,
			);
			path = "Feed Cache";
			sourceTree = "<group>";
		};
		DE78369129DFDB2A000CD51C /* Feed Presentation */ = {
			isa = PBXGroup;
			children = (
				DE7836A629E0E0D9000CD51C /* FeedLocalizationTests.swift */,
				DE19399C29E2247B009420B8 /* FeedImagePresenterTests.swift */,
				DE78369229DFDB77000CD51C /* FeedPresenterTests.swift */,
			);
			path = "Feed Presentation";
			sourceTree = "<group>";
		};
		DE78369B29DFED0B000CD51C /* Feed Presentation */ = {
			isa = PBXGroup;
			children = (
				DE78369C29DFED2C000CD51C /* FeedPresenter.swift */,
				DE78369F29E0DAF9000CD51C /* FeedViewModel.swift */,
				DE7836A129E0DB2E000CD51C /* FeedLoadingViewModel.swift */,
				DE7836A329E0DB67000CD51C /* FeedErrorViewModel.swift */,
				DE78369829DFE8DF000CD51C /* Feed.strings */,
				DE19399E29E22ED7009420B8 /* FeedImagePresenter.swift */,
			);
			path = "Feed Presentation";
			sourceTree = "<group>";
		};
		DEA52541298E236500600B80 /* Feed API */ = {
			isa = PBXGroup;
			children = (
				E9C39EEC298A44B000B8017F /* RemoteFeedLoaderTests.swift */,
				DEA52542298E506A00600B80 /* URLSessionHTTPClientTests.swift */,
			);
			path = "Feed API";
			sourceTree = "<group>";
		};
		DEA52544298F117300600B80 /* Helpers */ = {
			isa = PBXGroup;
			children = (
				DEA52545298F119500600B80 /* XCTestCase+MemoryLeakTracking.swift */,
				DEFE380429B347B7002849DB /* SharedTestHelpers.swift */,
			);
			path = Helpers;
			sourceTree = "<group>";
		};
		DEA5254E298F951C00600B80 /* EssentialFeedAPIEndToEndTests */ = {
			isa = PBXGroup;
			children = (
				DEA5254F298F951C00600B80 /* EssentialFeedAPIEndToEndTests.swift */,
			);
			path = EssentialFeedAPIEndToEndTests;
			sourceTree = "<group>";
		};
		DEAD07D429BD706A00AD035F /* Helpers */ = {
			isa = PBXGroup;
			children = (
				DEAD07E429BD766E00AD035F /* FeedImageCell+TestHelpers.swift */,
				DEAD07D529BD708D00AD035F /* UIImage+TestHelpers.swift */,
				DEAD07D729BD712400AD035F /* UIRefreshControl+TestHelpers.swift .swift */,
				DEAD07D929BD718C00AD035F /* UIButton+TestHelpers.swift */,
				DEAD07DB29BD71DD00AD035F /* UIControl+TestHelpers.swift */,
			);
			path = Helpers;
			sourceTree = "<group>";
		};
		DEAD07DE29BD754500AD035F /* Controllers */ = {
			isa = PBXGroup;
			children = (
				DEFE38EE29BA9330002849DB /* FeedViewController.swift */,
				DEAD07F129BDA31B00AD035F /* FeedImageCellController.swift */,
			);
			path = Controllers;
			sourceTree = "<group>";
		};
		DEAD07DF29BD756300AD035F /* Views */ = {
			isa = PBXGroup;
			children = (
				DE19399829E0EB42009420B8 /* Helpers */,
				DE19399629E0E9E1009420B8 /* ErrorView.swift */,
				EFBA46E829BAC91500ED98D4 /* FeedImageCell.swift */,
				EF2F005A29C1BB1000064CBC /* Feed.storyboard */,
				EF2F005C29C1BBB600064CBC /* Feed.xcassets */,
			);
			path = Views;
			sourceTree = "<group>";
		};
		DEAD07E029BD758200AD035F /* Controllers */ = {
			isa = PBXGroup;
			children = (
				DEAD07E129BD75E700AD035F /* Helpers */,
				EF6BF25629B9AFCD007C7A99 /* FeedUIIntegrationTests.swift */,
			);
			path = Controllers;
			sourceTree = "<group>";
		};
		DEAD07E129BD75E700AD035F /* Helpers */ = {
			isa = PBXGroup;
			children = (
				DEAD07E229BD760E00AD035F /* FeedViewController+TestHelpers.swift */,
				DEAD07E629BD7CBE00AD035F /* FeedUIIntegrationTests+LoaderSpy.swift */,
				DEAD07E829BD994A00AD035F /* FeedUIIntegrationTests+Assertions.swift */,
				DE035F5529D0F79C00A2FCD7 /* FeedUIIntegrationTests+Localization.swift */,
			);
			path = Helpers;
			sourceTree = "<group>";
		};
		DEAD07EA29BD9D7F00AD035F /* Feed UI */ = {
			isa = PBXGroup;
			children = (
				DEAD07D429BD706A00AD035F /* Helpers */,
				DEAD07E029BD758200AD035F /* Controllers */,
			);
			path = "Feed UI";
			sourceTree = "<group>";
		};
		DEAD07EB29BD9DA100AD035F /* Feed UI */ = {
			isa = PBXGroup;
			children = (
				DEAD07F329BDA5CC00AD035F /* Composers */,
				DEAD07DE29BD754500AD035F /* Controllers */,
				DEAD07DF29BD756300AD035F /* Views */,
			);
			path = "Feed UI";
			sourceTree = "<group>";
		};
		DEAD07EC29BD9E3D00AD035F /* Feed Image Loader */ = {
			isa = PBXGroup;
			children = (
				DEAD07ED29BD9E5E00AD035F /* FeedImageDataLoader.swift */,
			);
			path = "Feed Image Loader";
			sourceTree = "<group>";
		};
		DEAD07F329BDA5CC00AD035F /* Composers */ = {
			isa = PBXGroup;
			children = (
				DEAD07F429BDA5E100AD035F /* FeedUIComposer.swift .swift */,
				DEFE45C929D24E2700032A07 /* FeedViewAdapter.swift */,
				DEFE45C729D24DDF00032A07 /* FeedLoaderPresentationAdapter.swift */,
				DEFE45C529D24D8800032A07 /* FeedImageDataLoaderPresentationAdapter.swift */,
				DEFE45C129D24C8500032A07 /* MainQueueDispatchDecorator.swift */,
				DEFE45C329D24D3900032A07 /* WeakRefVirtualProxy.swift */,
			);
			path = Composers;
			sourceTree = "<group>";
		};
		DEAD07FB29BEF51F00AD035F /* Feed Presentation */ = {
			isa = PBXGroup;
			children = (
				EF4B3E4629C01768003704AD /* FeedImagePressenter.swift */,
				DEAD07F929BDD2C700AD035F /* FeedImageViewModel.swift */,
			);
			path = "Feed Presentation";
			sourceTree = "<group>";
		};
		DEFE38ED29BA92C7002849DB /* EssentialFeediOS */ = {
			isa = PBXGroup;
			children = (
				DEAD07FB29BEF51F00AD035F /* Feed Presentation */,
				DEAD07EC29BD9E3D00AD035F /* Feed Image Loader */,
				DEAD07EB29BD9DA100AD035F /* Feed UI */,
			);
			path = EssentialFeediOS;
			sourceTree = "<group>";
		};
		E96408F7299E01F30080EFB2 /* Helpers */ = {
			isa = PBXGroup;
			children = (
				E96408F8299E02420080EFB2 /* FeedStoreSpy.swift */,
				DEFE380229B341C0002849DB /* FeedCacheTestHelpers.swift */,
			);
			path = Helpers;
			sourceTree = "<group>";
		};
		E9BCFE52299C76E700AED5AB /* Feed Cache */ = {
			isa = PBXGroup;
			children = (
				E9BCFE53299C79B400AED5AB /* LocalFeedLoader.swift */,
				E9BCFE55299C7ACC00AED5AB /* FeedStore.swift */,
				E96408F3299DD5110080EFB2 /* LocalFeedImage.swift */,
				DEFE380629B40371002849DB /* FeedCachePolicy.swift */,
				EFD5E31D29B8184E001BCD98 /* Infrastructure */,
				EF7DF4BF29B6E67F00C4DD2D /* FeedStoreSpecs.swift */,
			);
			path = "Feed Cache";
			sourceTree = "<group>";
		};
		E9C39EC3298A3E1800B8017F = {
			isa = PBXGroup;
			children = (
				E9C39ECF298A3E1900B8017F /* EssentialFeed-KaiLearning */,
				E9C39EDB298A3E1900B8017F /* EssentialFeed-KaiLearningTests */,
				DEA5254E298F951C00600B80 /* EssentialFeedAPIEndToEndTests */,
				EFC0EB0629B82404006E271F /* EssentialFeedCacheIntegrationTests */,
				DEFE38ED29BA92C7002849DB /* EssentialFeediOS */,
				EF6BF24C29B9A5C2007C7A99 /* EssentialFeediOSTests */,
				E9C39ECE298A3E1900B8017F /* Products */,
				EFE0B75929B9DFCB008129EE /* Frameworks */,
			);
			sourceTree = "<group>";
		};
		E9C39ECE298A3E1900B8017F /* Products */ = {
			isa = PBXGroup;
			children = (
				E9C39ECD298A3E1900B8017F /* EssentialFeed_KaiLearning.framework */,
				E9C39ED7298A3E1900B8017F /* EssentialFeed-KaiLearningTests.xctest */,
				DEA5254D298F951C00600B80 /* EssentialFeedAPIEndToEndTests.xctest */,
				EFC0EB0529B82404006E271F /* EssentialFeedCacheIntegrationTests.xctest */,
				EF6BF24129B9A5C0007C7A99 /* EssentialFeediOS.framework */,
				EF6BF24829B9A5C1007C7A99 /* EssentialFeediOSTests.xctest */,
			);
			name = Products;
			sourceTree = "<group>";
		};
		E9C39ECF298A3E1900B8017F /* EssentialFeed-KaiLearning */ = {
			isa = PBXGroup;
			children = (
				DE78369B29DFED0B000CD51C /* Feed Presentation */,
				E9BCFE52299C76E700AED5AB /* Feed Cache */,
				E9C39EEE298A64B700B8017F /* Feed API */,
				E9C39EEB298A40F000B8017F /* Feed Feature */,
			);
			path = "EssentialFeed-KaiLearning";
			sourceTree = "<group>";
		};
		E9C39EDB298A3E1900B8017F /* EssentialFeed-KaiLearningTests */ = {
			isa = PBXGroup;
			children = (
				DEA52544298F117300600B80 /* Helpers */,
				DE68D540299733C8008F9F77 /* Feed Cache */,
				DEA52541298E236500600B80 /* Feed API */,
				DE78369129DFDB2A000CD51C /* Feed Presentation */,
			);
			path = "EssentialFeed-KaiLearningTests";
			sourceTree = "<group>";
		};
		E9C39EEB298A40F000B8017F /* Feed Feature */ = {
			isa = PBXGroup;
			children = (
				E9C39EE7298A3E7900B8017F /* FeedImage.swift */,
				E9C39EE9298A3F3D00B8017F /* FeedLoader.swift */,
			);
			path = "Feed Feature";
			sourceTree = "<group>";
		};
		E9C39EEE298A64B700B8017F /* Feed API */ = {
			isa = PBXGroup;
			children = (
				E9C39EEF298A64F600B8017F /* RemoteFeedLoader.swift */,
				DEA5253F298DEC2D00600B80 /* FeedItemsMapper.swift */,
				E96408F1299DD49A0080EFB2 /* RemoteFeedItem.swift */,
				DEA5253D298DEB7C00600B80 /* HTTPClient.swift */,
				DEA52547298F4E2A00600B80 /* URLSessionHTTPClient.swift */,
			);
			path = "Feed API";
			sourceTree = "<group>";
		};
		EF6BF24C29B9A5C2007C7A99 /* EssentialFeediOSTests */ = {
			isa = PBXGroup;
			children = (
				DEAD07EA29BD9D7F00AD035F /* Feed UI */,
			);
			path = EssentialFeediOSTests;
			sourceTree = "<group>";
		};
		EF7DF4CB29B701E400C4DD2D /* FeedStoreSpecs */ = {
			isa = PBXGroup;
			children = (
				EF7DF4C329B6EC2E00C4DD2D /* XCTestCase+FeedStoreSpecs.swift */,
				EF7DF4C529B6F36500C4DD2D /* XCTestCase+FailableRetrieveFeedStoreSpecs.swift */,
				EF7DF4C729B6FF8800C4DD2D /* XCTestCase+FailableInsertFeedStoreSpecs.swift */,
				EF7DF4C929B700CA00C4DD2D /* XCTestCase+FailableDeleteFeedStoreSpecs.swift */,
			);
			path = FeedStoreSpecs;
			sourceTree = "<group>";
		};
		EFC0EB0629B82404006E271F /* EssentialFeedCacheIntegrationTests */ = {
			isa = PBXGroup;
			children = (
				EFC0EB0729B82404006E271F /* EssentialFeedCacheIntegrationTests.swift */,
			);
			path = EssentialFeedCacheIntegrationTests;
			sourceTree = "<group>";
		};
		EFD5E31D29B8184E001BCD98 /* Infrastructure */ = {
			isa = PBXGroup;
			children = (
				EFD5E31E29B81870001BCD98 /* CoreData */,
			);
			path = Infrastructure;
			sourceTree = "<group>";
		};
		EFD5E31E29B81870001BCD98 /* CoreData */ = {
			isa = PBXGroup;
			children = (
				EF7DF4D229B709FF00C4DD2D /* CoreDataFeedStore.swift */,
				EFC0EAFB29B81CC6006E271F /* CoreDataHelper.swift */,
				EFC0EAFD29B81EAA006E271F /* ManagedCache.swift */,
				EFC0EAFF29B81F78006E271F /* ManagedFeedImage.swift */,
				EF7DF4CC29B7088B00C4DD2D /* FeedStore.xcdatamodeld */,
			);
			path = CoreData;
			sourceTree = "<group>";
		};
		EFE0B75929B9DFCB008129EE /* Frameworks */ = {
			isa = PBXGroup;
			children = (
			);
			name = Frameworks;
			sourceTree = "<group>";
		};
/* End PBXGroup section */

/* Begin PBXHeadersBuildPhase section */
		E9C39EC8298A3E1900B8017F /* Headers */ = {
			isa = PBXHeadersBuildPhase;
			buildActionMask = 2147483647;
			files = (
			);
			runOnlyForDeploymentPostprocessing = 0;
		};
		EF6BF23C29B9A5C0007C7A99 /* Headers */ = {
			isa = PBXHeadersBuildPhase;
			buildActionMask = 2147483647;
			files = (
			);
			runOnlyForDeploymentPostprocessing = 0;
		};
/* End PBXHeadersBuildPhase section */

/* Begin PBXNativeTarget section */
		DEA5254C298F951C00600B80 /* EssentialFeedAPIEndToEndTests */ = {
			isa = PBXNativeTarget;
			buildConfigurationList = DEA52554298F951C00600B80 /* Build configuration list for PBXNativeTarget "EssentialFeedAPIEndToEndTests" */;
			buildPhases = (
				DEA52549298F951C00600B80 /* Sources */,
				DEA5254A298F951C00600B80 /* Frameworks */,
				DEA5254B298F951C00600B80 /* Resources */,
			);
			buildRules = (
			);
			dependencies = (
				DEA52553298F951C00600B80 /* PBXTargetDependency */,
			);
			name = EssentialFeedAPIEndToEndTests;
			productName = EssentialFeedAPIEndToEndTests;
			productReference = DEA5254D298F951C00600B80 /* EssentialFeedAPIEndToEndTests.xctest */;
			productType = "com.apple.product-type.bundle.unit-test";
		};
		E9C39ECC298A3E1900B8017F /* EssentialFeed-KaiLearning */ = {
			isa = PBXNativeTarget;
			buildConfigurationList = E9C39EE1298A3E1900B8017F /* Build configuration list for PBXNativeTarget "EssentialFeed-KaiLearning" */;
			buildPhases = (
				E9C39EC8298A3E1900B8017F /* Headers */,
				E9C39EC9298A3E1900B8017F /* Sources */,
				E9C39ECA298A3E1900B8017F /* Frameworks */,
				E9C39ECB298A3E1900B8017F /* Resources */,
			);
			buildRules = (
			);
			dependencies = (
			);
			name = "EssentialFeed-KaiLearning";
			productName = "EssentialFeed-KaiLearning";
			productReference = E9C39ECD298A3E1900B8017F /* EssentialFeed_KaiLearning.framework */;
			productType = "com.apple.product-type.framework";
		};
		E9C39ED6298A3E1900B8017F /* EssentialFeed-KaiLearningTests */ = {
			isa = PBXNativeTarget;
			buildConfigurationList = E9C39EE4298A3E1900B8017F /* Build configuration list for PBXNativeTarget "EssentialFeed-KaiLearningTests" */;
			buildPhases = (
				E9C39ED3298A3E1900B8017F /* Sources */,
				E9C39ED4298A3E1900B8017F /* Frameworks */,
				E9C39ED5298A3E1900B8017F /* Resources */,
			);
			buildRules = (
			);
			dependencies = (
				E9C39EDA298A3E1900B8017F /* PBXTargetDependency */,
			);
			name = "EssentialFeed-KaiLearningTests";
			productName = "EssentialFeed-KaiLearningTests";
			productReference = E9C39ED7298A3E1900B8017F /* EssentialFeed-KaiLearningTests.xctest */;
			productType = "com.apple.product-type.bundle.unit-test";
		};
		EF6BF24029B9A5C0007C7A99 /* EssentialFeediOS */ = {
			isa = PBXNativeTarget;
			buildConfigurationList = EF6BF25029B9A5C2007C7A99 /* Build configuration list for PBXNativeTarget "EssentialFeediOS" */;
			buildPhases = (
				EF6BF23C29B9A5C0007C7A99 /* Headers */,
				EF6BF23D29B9A5C0007C7A99 /* Sources */,
				EF6BF23E29B9A5C0007C7A99 /* Frameworks */,
				EF6BF23F29B9A5C0007C7A99 /* Resources */,
			);
			buildRules = (
			);
			dependencies = (
			);
			name = EssentialFeediOS;
			productName = EssentialFeediOS;
			productReference = EF6BF24129B9A5C0007C7A99 /* EssentialFeediOS.framework */;
			productType = "com.apple.product-type.framework";
		};
		EF6BF24729B9A5C1007C7A99 /* EssentialFeediOSTests */ = {
			isa = PBXNativeTarget;
			buildConfigurationList = EF6BF25329B9A5C2007C7A99 /* Build configuration list for PBXNativeTarget "EssentialFeediOSTests" */;
			buildPhases = (
				EF6BF24429B9A5C1007C7A99 /* Sources */,
				EF6BF24529B9A5C1007C7A99 /* Frameworks */,
				EF6BF24629B9A5C1007C7A99 /* Resources */,
			);
			buildRules = (
			);
			dependencies = (
				EF6BF24B29B9A5C1007C7A99 /* PBXTargetDependency */,
			);
			name = EssentialFeediOSTests;
			productName = EssentialFeediOSTests;
			productReference = EF6BF24829B9A5C1007C7A99 /* EssentialFeediOSTests.xctest */;
			productType = "com.apple.product-type.bundle.unit-test";
		};
		EFC0EB0429B82404006E271F /* EssentialFeedCacheIntegrationTests */ = {
			isa = PBXNativeTarget;
			buildConfigurationList = EFC0EB0C29B82404006E271F /* Build configuration list for PBXNativeTarget "EssentialFeedCacheIntegrationTests" */;
			buildPhases = (
				EFC0EB0129B82404006E271F /* Sources */,
				EFC0EB0229B82404006E271F /* Frameworks */,
				EFC0EB0329B82404006E271F /* Resources */,
			);
			buildRules = (
			);
			dependencies = (
				EFC0EB0B29B82404006E271F /* PBXTargetDependency */,
			);
			name = EssentialFeedCacheIntegrationTests;
			productName = EssentialFeedCacheIntegrationTests;
			productReference = EFC0EB0529B82404006E271F /* EssentialFeedCacheIntegrationTests.xctest */;
			productType = "com.apple.product-type.bundle.unit-test";
		};
/* End PBXNativeTarget section */

/* Begin PBXProject section */
		E9C39EC4298A3E1800B8017F /* Project object */ = {
			isa = PBXProject;
			attributes = {
				BuildIndependentTargetsInParallel = 1;
				LastSwiftUpdateCheck = 1420;
				LastUpgradeCheck = 1420;
				TargetAttributes = {
					DEA5254C298F951C00600B80 = {
						CreatedOnToolsVersion = 14.2;
					};
					E9C39ECC298A3E1900B8017F = {
						CreatedOnToolsVersion = 14.2;
						LastSwiftMigration = 1420;
					};
					E9C39ED6298A3E1900B8017F = {
						CreatedOnToolsVersion = 14.2;
						LastSwiftMigration = 1420;
					};
					EF6BF24029B9A5C0007C7A99 = {
						CreatedOnToolsVersion = 14.2;
						LastSwiftMigration = 1420;
					};
					EF6BF24729B9A5C1007C7A99 = {
						CreatedOnToolsVersion = 14.2;
						LastSwiftMigration = 1420;
					};
					EFC0EB0429B82404006E271F = {
						CreatedOnToolsVersion = 14.2;
					};
				};
			};
			buildConfigurationList = E9C39EC7298A3E1800B8017F /* Build configuration list for PBXProject "EssentialFeed-KaiLearning" */;
			compatibilityVersion = "Xcode 14.0";
			developmentRegion = en;
			hasScannedForEncodings = 0;
			knownRegions = (
				en,
				Base,
				"pt-BR",
				el,
			);
			mainGroup = E9C39EC3298A3E1800B8017F;
			productRefGroup = E9C39ECE298A3E1900B8017F /* Products */;
			projectDirPath = "";
			projectRoot = "";
			targets = (
				E9C39ECC298A3E1900B8017F /* EssentialFeed-KaiLearning */,
				E9C39ED6298A3E1900B8017F /* EssentialFeed-KaiLearningTests */,
				DEA5254C298F951C00600B80 /* EssentialFeedAPIEndToEndTests */,
				EFC0EB0429B82404006E271F /* EssentialFeedCacheIntegrationTests */,
				EF6BF24029B9A5C0007C7A99 /* EssentialFeediOS */,
				EF6BF24729B9A5C1007C7A99 /* EssentialFeediOSTests */,
			);
		};
/* End PBXProject section */

/* Begin PBXResourcesBuildPhase section */
		DEA5254B298F951C00600B80 /* Resources */ = {
			isa = PBXResourcesBuildPhase;
			buildActionMask = 2147483647;
			files = (
			);
			runOnlyForDeploymentPostprocessing = 0;
		};
		E9C39ECB298A3E1900B8017F /* Resources */ = {
			isa = PBXResourcesBuildPhase;
			buildActionMask = 2147483647;
			files = (
				DE78369E29DFEE69000CD51C /* Feed.strings in Resources */,
			);
			runOnlyForDeploymentPostprocessing = 0;
		};
		E9C39ED5298A3E1900B8017F /* Resources */ = {
			isa = PBXResourcesBuildPhase;
			buildActionMask = 2147483647;
			files = (
			);
			runOnlyForDeploymentPostprocessing = 0;
		};
		EF6BF23F29B9A5C0007C7A99 /* Resources */ = {
			isa = PBXResourcesBuildPhase;
			buildActionMask = 2147483647;
			files = (
				EF2F005B29C1BB1000064CBC /* Feed.storyboard in Resources */,
				EF2F005D29C1BBB600064CBC /* Feed.xcassets in Resources */,
			);
			runOnlyForDeploymentPostprocessing = 0;
		};
		EF6BF24629B9A5C1007C7A99 /* Resources */ = {
			isa = PBXResourcesBuildPhase;
			buildActionMask = 2147483647;
			files = (
			);
			runOnlyForDeploymentPostprocessing = 0;
		};
		EFC0EB0329B82404006E271F /* Resources */ = {
			isa = PBXResourcesBuildPhase;
			buildActionMask = 2147483647;
			files = (
			);
			runOnlyForDeploymentPostprocessing = 0;
		};
/* End PBXResourcesBuildPhase section */

/* Begin PBXSourcesBuildPhase section */
		DEA52549298F951C00600B80 /* Sources */ = {
			isa = PBXSourcesBuildPhase;
			buildActionMask = 2147483647;
			files = (
				DEA52550298F951C00600B80 /* EssentialFeedAPIEndToEndTests.swift in Sources */,
				DEA52557298FB9DA00600B80 /* XCTestCase+MemoryLeakTracking.swift in Sources */,
			);
			runOnlyForDeploymentPostprocessing = 0;
		};
		E9C39EC9298A3E1900B8017F /* Sources */ = {
			isa = PBXSourcesBuildPhase;
			buildActionMask = 2147483647;
			files = (
				DE7836A029E0DAF9000CD51C /* FeedViewModel.swift in Sources */,
				EF7DF4D329B709FF00C4DD2D /* CoreDataFeedStore.swift in Sources */,
				DEA52540298DEC2D00600B80 /* FeedItemsMapper.swift in Sources */,
				DE7836A429E0DB67000CD51C /* FeedErrorViewModel.swift in Sources */,
				EFC0EAFC29B81CC6006E271F /* CoreDataHelper.swift in Sources */,
				E9C39EEA298A3F3D00B8017F /* FeedLoader.swift in Sources */,
				DE19399F29E22ED7009420B8 /* FeedImagePresenter.swift in Sources */,
				DE78369D29DFED2C000CD51C /* FeedPresenter.swift in Sources */,
				E96408F2299DD49A0080EFB2 /* RemoteFeedItem.swift in Sources */,
				DE7836A229E0DB2E000CD51C /* FeedLoadingViewModel.swift in Sources */,
				DEFE380729B40371002849DB /* FeedCachePolicy.swift in Sources */,
				E9C39EF0298A64F600B8017F /* RemoteFeedLoader.swift in Sources */,
				EF7DF4CF29B7088B00C4DD2D /* FeedStore.xcdatamodeld in Sources */,
				E96408F4299DD5110080EFB2 /* LocalFeedImage.swift in Sources */,
				EFC0EAFE29B81EAA006E271F /* ManagedCache.swift in Sources */,
				E9BCFE56299C7ACC00AED5AB /* FeedStore.swift in Sources */,
				EF7DF4C029B6E67F00C4DD2D /* FeedStoreSpecs.swift in Sources */,
				E9BCFE54299C79B400AED5AB /* LocalFeedLoader.swift in Sources */,
				DEA5253E298DEB7C00600B80 /* HTTPClient.swift in Sources */,
				EFC0EB0029B81F78006E271F /* ManagedFeedImage.swift in Sources */,
				E9C39EE8298A3E7900B8017F /* FeedImage.swift in Sources */,
				DEA52548298F4E2A00600B80 /* URLSessionHTTPClient.swift in Sources */,
			);
			runOnlyForDeploymentPostprocessing = 0;
		};
		E9C39ED3298A3E1900B8017F /* Sources */ = {
			isa = PBXSourcesBuildPhase;
			buildActionMask = 2147483647;
			files = (
				EFD5E2E629B71D88001BCD98 /* FeedStoreSpecs.swift in Sources */,
				EFD5E2E229B715F3001BCD98 /* FeedStoreSpy.swift in Sources */,
				DE19399B29E2235D009420B8 /* FeedLocalizationTests.swift in Sources */,
				DE19399D29E2247B009420B8 /* FeedImagePresenterTests.swift in Sources */,
				DEFE380329B341C0002849DB /* FeedCacheTestHelpers.swift in Sources */,
				DEFE380129B33386002849DB /* ValidateFeedCacheUseCaseTests.swift in Sources */,
				E9C39EED298A44B000B8017F /* RemoteFeedLoaderTests.swift in Sources */,
				EF7DF4C829B6FF8800C4DD2D /* XCTestCase+FailableInsertFeedStoreSpecs.swift in Sources */,
				DE78369329DFDB77000CD51C /* FeedPresenterTests.swift in Sources */,
				EFD5E2E429B71816001BCD98 /* FeedStore.xcdatamodeld in Sources */,
				DEA52543298E506A00600B80 /* URLSessionHTTPClientTests.swift in Sources */,
				DEFE380529B347B7002849DB /* SharedTestHelpers.swift in Sources */,
				DE68D54229973412008F9F77 /* CacheFeedUseCaseTests.swift in Sources */,
				EF7DF4CA29B700CA00C4DD2D /* XCTestCase+FailableDeleteFeedStoreSpecs.swift in Sources */,
				EF7DF4C629B6F36500C4DD2D /* XCTestCase+FailableRetrieveFeedStoreSpecs.swift in Sources */,
				E96408F6299DFE510080EFB2 /* LoadFeedFromCacheUseCaseTests.swift in Sources */,
				DEA52546298F119500600B80 /* XCTestCase+MemoryLeakTracking.swift in Sources */,
				EF7DF4D129B7097500C4DD2D /* CoreDataFeedStoreTests.swift in Sources */,
				EF7DF4C429B6EC2E00C4DD2D /* XCTestCase+FeedStoreSpecs.swift in Sources */,
			);
			runOnlyForDeploymentPostprocessing = 0;
		};
		EF6BF23D29B9A5C0007C7A99 /* Sources */ = {
			isa = PBXSourcesBuildPhase;
			buildActionMask = 2147483647;
			files = (
				DEAD07EE29BD9E5E00AD035F /* FeedImageDataLoader.swift in Sources */,
				DEAD07F529BDA5E100AD035F /* FeedUIComposer.swift .swift in Sources */,
				DE77342F29C7096E00C5A22C /* UITableView+Dequeueing.swift in Sources */,
				EF4B3E4729C01768003704AD /* FeedImagePressenter.swift in Sources */,
				DE19399A29E0EBD4009420B8 /* UIRefreshControl+Helpers.swift in Sources */,
				DEAD07D329BC6F1E00AD035F /* UIView+Shimmering.swift in Sources */,
				DEFE45C829D24DDF00032A07 /* FeedLoaderPresentationAdapter.swift in Sources */,
				DEFE38EF29BA9330002849DB /* FeedViewController.swift in Sources */,
				DEFE45C429D24D3900032A07 /* WeakRefVirtualProxy.swift in Sources */,
				DE77343129C70AD300C5A22C /* UIImageView+Animations.swift in Sources */,
				DEFE45C229D24C8500032A07 /* MainQueueDispatchDecorator.swift in Sources */,
				DEAD07FA29BDD2C700AD035F /* FeedImageViewModel.swift in Sources */,
				DEFE45C629D24D8800032A07 /* FeedImageDataLoaderPresentationAdapter.swift in Sources */,
				EFBA46E929BAC91500ED98D4 /* FeedImageCell.swift in Sources */,
				DEFE45CA29D24E2700032A07 /* FeedViewAdapter.swift in Sources */,
				DEAD07F229BDA31B00AD035F /* FeedImageCellController.swift in Sources */,
				DE19399729E0E9E1009420B8 /* ErrorView.swift in Sources */,
			);
			runOnlyForDeploymentPostprocessing = 0;
		};
		EF6BF24429B9A5C1007C7A99 /* Sources */ = {
			isa = PBXSourcesBuildPhase;
			buildActionMask = 2147483647;
			files = (
				EF6BF25729B9AFCD007C7A99 /* FeedUIIntegrationTests.swift in Sources */,
				DEAD07DA29BD718C00AD035F /* UIButton+TestHelpers.swift in Sources */,
				DE035F5629D0F79C00A2FCD7 /* FeedUIIntegrationTests+Localization.swift in Sources */,
				DEFE38E929BA79E3002849DB /* XCTestCase+MemoryLeakTracking.swift in Sources */,
				DEAD07DC29BD71DD00AD035F /* UIControl+TestHelpers.swift in Sources */,
				DEAD07E329BD760E00AD035F /* FeedViewController+TestHelpers.swift in Sources */,
				DEAD07D629BD708D00AD035F /* UIImage+TestHelpers.swift in Sources */,
				DEAD07E729BD7CBE00AD035F /* FeedUIIntegrationTests+LoaderSpy.swift in Sources */,
				DEAD07E929BD994A00AD035F /* FeedUIIntegrationTests+Assertions.swift in Sources */,
				DEAD07D829BD712400AD035F /* UIRefreshControl+TestHelpers.swift .swift in Sources */,
				DEAD07E529BD766E00AD035F /* FeedImageCell+TestHelpers.swift in Sources */,
			);
			runOnlyForDeploymentPostprocessing = 0;
		};
		EFC0EB0129B82404006E271F /* Sources */ = {
			isa = PBXSourcesBuildPhase;
			buildActionMask = 2147483647;
			files = (
				EFC0EB1229B85E90006E271F /* SharedTestHelpers.swift in Sources */,
				EFC0EB0829B82404006E271F /* EssentialFeedCacheIntegrationTests.swift in Sources */,
				EFC0EB1029B85E83006E271F /* FeedCacheTestHelpers.swift in Sources */,
				EFC0EB0F29B82579006E271F /* XCTestCase+MemoryLeakTracking.swift in Sources */,
			);
			runOnlyForDeploymentPostprocessing = 0;
		};
/* End PBXSourcesBuildPhase section */

/* Begin PBXTargetDependency section */
		DEA52553298F951C00600B80 /* PBXTargetDependency */ = {
			isa = PBXTargetDependency;
			target = E9C39ECC298A3E1900B8017F /* EssentialFeed-KaiLearning */;
			targetProxy = DEA52552298F951C00600B80 /* PBXContainerItemProxy */;
		};
		E9C39EDA298A3E1900B8017F /* PBXTargetDependency */ = {
			isa = PBXTargetDependency;
			target = E9C39ECC298A3E1900B8017F /* EssentialFeed-KaiLearning */;
			targetProxy = E9C39ED9298A3E1900B8017F /* PBXContainerItemProxy */;
		};
		EF6BF24B29B9A5C1007C7A99 /* PBXTargetDependency */ = {
			isa = PBXTargetDependency;
			target = EF6BF24029B9A5C0007C7A99 /* EssentialFeediOS */;
			targetProxy = EF6BF24A29B9A5C1007C7A99 /* PBXContainerItemProxy */;
		};
		EFC0EB0B29B82404006E271F /* PBXTargetDependency */ = {
			isa = PBXTargetDependency;
			target = E9C39ECC298A3E1900B8017F /* EssentialFeed-KaiLearning */;
			targetProxy = EFC0EB0A29B82404006E271F /* PBXContainerItemProxy */;
		};
/* End PBXTargetDependency section */

/* Begin PBXVariantGroup section */
		DE78369829DFE8DF000CD51C /* Feed.strings */ = {
			isa = PBXVariantGroup;
			children = (
				DE78369729DFE8DF000CD51C /* en */,
				DE78369929DFE8E3000CD51C /* el */,
				DE78369A29DFE8E5000CD51C /* pt-BR */,
			);
			name = Feed.strings;
			sourceTree = "<group>";
		};
/* End PBXVariantGroup section */

/* Begin XCBuildConfiguration section */
		DEA52555298F951C00600B80 /* Debug */ = {
			isa = XCBuildConfiguration;
			buildSettings = {
				CODE_SIGN_STYLE = Automatic;
				CURRENT_PROJECT_VERSION = 1;
				DEVELOPMENT_TEAM = TFAADZ4278;
				GENERATE_INFOPLIST_FILE = YES;
				MACOSX_DEPLOYMENT_TARGET = 13.0;
				MARKETING_VERSION = 1.0;
				PRODUCT_BUNDLE_IDENTIFIER = app.kai7.EssentialFeedAPIEndToEndTests;
				PRODUCT_NAME = "$(TARGET_NAME)";
				SUPPORTED_PLATFORMS = "macosx iphoneos iphonesimulator";
				SWIFT_EMIT_LOC_STRINGS = NO;
				SWIFT_VERSION = 5.0;
			};
			name = Debug;
		};
		DEA52556298F951C00600B80 /* Release */ = {
			isa = XCBuildConfiguration;
			buildSettings = {
				CODE_SIGN_STYLE = Automatic;
				CURRENT_PROJECT_VERSION = 1;
				DEVELOPMENT_TEAM = TFAADZ4278;
				GENERATE_INFOPLIST_FILE = YES;
				MACOSX_DEPLOYMENT_TARGET = 13.0;
				MARKETING_VERSION = 1.0;
				PRODUCT_BUNDLE_IDENTIFIER = app.kai7.EssentialFeedAPIEndToEndTests;
				PRODUCT_NAME = "$(TARGET_NAME)";
				SUPPORTED_PLATFORMS = "macosx iphoneos iphonesimulator";
				SWIFT_EMIT_LOC_STRINGS = NO;
				SWIFT_VERSION = 5.0;
			};
			name = Release;
		};
		E9C39EDF298A3E1900B8017F /* Debug */ = {
			isa = XCBuildConfiguration;
			buildSettings = {
				ALWAYS_SEARCH_USER_PATHS = NO;
				CLANG_ANALYZER_LOCALIZABILITY_NONLOCALIZED = YES;
				CLANG_ANALYZER_NONNULL = YES;
				CLANG_ANALYZER_NUMBER_OBJECT_CONVERSION = YES_AGGRESSIVE;
				CLANG_CXX_LANGUAGE_STANDARD = "gnu++20";
				CLANG_ENABLE_MODULES = YES;
				CLANG_ENABLE_OBJC_ARC = YES;
				CLANG_ENABLE_OBJC_WEAK = YES;
				CLANG_WARN_BLOCK_CAPTURE_AUTORELEASING = YES;
				CLANG_WARN_BOOL_CONVERSION = YES;
				CLANG_WARN_COMMA = YES;
				CLANG_WARN_CONSTANT_CONVERSION = YES;
				CLANG_WARN_DEPRECATED_OBJC_IMPLEMENTATIONS = YES;
				CLANG_WARN_DIRECT_OBJC_ISA_USAGE = YES_ERROR;
				CLANG_WARN_DOCUMENTATION_COMMENTS = YES;
				CLANG_WARN_EMPTY_BODY = YES;
				CLANG_WARN_ENUM_CONVERSION = YES;
				CLANG_WARN_INFINITE_RECURSION = YES;
				CLANG_WARN_INT_CONVERSION = YES;
				CLANG_WARN_NON_LITERAL_NULL_CONVERSION = YES;
				CLANG_WARN_OBJC_IMPLICIT_RETAIN_SELF = YES;
				CLANG_WARN_OBJC_LITERAL_CONVERSION = YES;
				CLANG_WARN_OBJC_ROOT_CLASS = YES_ERROR;
				CLANG_WARN_QUOTED_INCLUDE_IN_FRAMEWORK_HEADER = YES;
				CLANG_WARN_RANGE_LOOP_ANALYSIS = YES;
				CLANG_WARN_STRICT_PROTOTYPES = YES;
				CLANG_WARN_SUSPICIOUS_MOVE = YES;
				CLANG_WARN_UNGUARDED_AVAILABILITY = YES_AGGRESSIVE;
				CLANG_WARN_UNREACHABLE_CODE = YES;
				CLANG_WARN__DUPLICATE_METHOD_MATCH = YES;
				COPY_PHASE_STRIP = NO;
				CURRENT_PROJECT_VERSION = 1;
				DEBUG_INFORMATION_FORMAT = dwarf;
				ENABLE_STRICT_OBJC_MSGSEND = YES;
				ENABLE_TESTABILITY = YES;
				GCC_C_LANGUAGE_STANDARD = gnu11;
				GCC_DYNAMIC_NO_PIC = NO;
				GCC_NO_COMMON_BLOCKS = YES;
				GCC_OPTIMIZATION_LEVEL = 0;
				GCC_PREPROCESSOR_DEFINITIONS = (
					"DEBUG=1",
					"$(inherited)",
				);
				GCC_WARN_64_TO_32_BIT_CONVERSION = YES;
				GCC_WARN_ABOUT_RETURN_TYPE = YES_ERROR;
				GCC_WARN_UNDECLARED_SELECTOR = YES;
				GCC_WARN_UNINITIALIZED_AUTOS = YES_AGGRESSIVE;
				GCC_WARN_UNUSED_FUNCTION = YES;
				GCC_WARN_UNUSED_VARIABLE = YES;
				MACOSX_DEPLOYMENT_TARGET = 13.0;
				MTL_ENABLE_DEBUG_INFO = INCLUDE_SOURCE;
				MTL_FAST_MATH = YES;
				ONLY_ACTIVE_ARCH = YES;
				SDKROOT = macosx;
				SWIFT_ACTIVE_COMPILATION_CONDITIONS = DEBUG;
				SWIFT_OPTIMIZATION_LEVEL = "-Onone";
				VERSIONING_SYSTEM = "apple-generic";
				VERSION_INFO_PREFIX = "";
			};
			name = Debug;
		};
		E9C39EE0298A3E1900B8017F /* Release */ = {
			isa = XCBuildConfiguration;
			buildSettings = {
				ALWAYS_SEARCH_USER_PATHS = NO;
				CLANG_ANALYZER_LOCALIZABILITY_NONLOCALIZED = YES;
				CLANG_ANALYZER_NONNULL = YES;
				CLANG_ANALYZER_NUMBER_OBJECT_CONVERSION = YES_AGGRESSIVE;
				CLANG_CXX_LANGUAGE_STANDARD = "gnu++20";
				CLANG_ENABLE_MODULES = YES;
				CLANG_ENABLE_OBJC_ARC = YES;
				CLANG_ENABLE_OBJC_WEAK = YES;
				CLANG_WARN_BLOCK_CAPTURE_AUTORELEASING = YES;
				CLANG_WARN_BOOL_CONVERSION = YES;
				CLANG_WARN_COMMA = YES;
				CLANG_WARN_CONSTANT_CONVERSION = YES;
				CLANG_WARN_DEPRECATED_OBJC_IMPLEMENTATIONS = YES;
				CLANG_WARN_DIRECT_OBJC_ISA_USAGE = YES_ERROR;
				CLANG_WARN_DOCUMENTATION_COMMENTS = YES;
				CLANG_WARN_EMPTY_BODY = YES;
				CLANG_WARN_ENUM_CONVERSION = YES;
				CLANG_WARN_INFINITE_RECURSION = YES;
				CLANG_WARN_INT_CONVERSION = YES;
				CLANG_WARN_NON_LITERAL_NULL_CONVERSION = YES;
				CLANG_WARN_OBJC_IMPLICIT_RETAIN_SELF = YES;
				CLANG_WARN_OBJC_LITERAL_CONVERSION = YES;
				CLANG_WARN_OBJC_ROOT_CLASS = YES_ERROR;
				CLANG_WARN_QUOTED_INCLUDE_IN_FRAMEWORK_HEADER = YES;
				CLANG_WARN_RANGE_LOOP_ANALYSIS = YES;
				CLANG_WARN_STRICT_PROTOTYPES = YES;
				CLANG_WARN_SUSPICIOUS_MOVE = YES;
				CLANG_WARN_UNGUARDED_AVAILABILITY = YES_AGGRESSIVE;
				CLANG_WARN_UNREACHABLE_CODE = YES;
				CLANG_WARN__DUPLICATE_METHOD_MATCH = YES;
				COPY_PHASE_STRIP = NO;
				CURRENT_PROJECT_VERSION = 1;
				DEBUG_INFORMATION_FORMAT = "dwarf-with-dsym";
				ENABLE_NS_ASSERTIONS = NO;
				ENABLE_STRICT_OBJC_MSGSEND = YES;
				GCC_C_LANGUAGE_STANDARD = gnu11;
				GCC_NO_COMMON_BLOCKS = YES;
				GCC_WARN_64_TO_32_BIT_CONVERSION = YES;
				GCC_WARN_ABOUT_RETURN_TYPE = YES_ERROR;
				GCC_WARN_UNDECLARED_SELECTOR = YES;
				GCC_WARN_UNINITIALIZED_AUTOS = YES_AGGRESSIVE;
				GCC_WARN_UNUSED_FUNCTION = YES;
				GCC_WARN_UNUSED_VARIABLE = YES;
				MACOSX_DEPLOYMENT_TARGET = 13.0;
				MTL_ENABLE_DEBUG_INFO = NO;
				MTL_FAST_MATH = YES;
				SDKROOT = macosx;
				SWIFT_COMPILATION_MODE = wholemodule;
				SWIFT_OPTIMIZATION_LEVEL = "-O";
				VERSIONING_SYSTEM = "apple-generic";
				VERSION_INFO_PREFIX = "";
			};
			name = Release;
		};
		E9C39EE2298A3E1900B8017F /* Debug */ = {
			isa = XCBuildConfiguration;
			buildSettings = {
				CLANG_ENABLE_MODULES = YES;
				CODE_SIGN_STYLE = Automatic;
				COMBINE_HIDPI_IMAGES = YES;
				CURRENT_PROJECT_VERSION = 1;
				DEFINES_MODULE = YES;
				DEVELOPMENT_TEAM = TFAADZ4278;
				DYLIB_COMPATIBILITY_VERSION = 1;
				DYLIB_CURRENT_VERSION = 1;
				DYLIB_INSTALL_NAME_BASE = "@rpath";
				GENERATE_INFOPLIST_FILE = YES;
				INFOPLIST_KEY_NSHumanReadableCopyright = "";
				INSTALL_PATH = "$(LOCAL_LIBRARY_DIR)/Frameworks";
				LD_RUNPATH_SEARCH_PATHS = (
					"$(inherited)",
					"@executable_path/../Frameworks",
					"@loader_path/Frameworks",
				);
				MARKETING_VERSION = 1.0;
				PRODUCT_BUNDLE_IDENTIFIER = "app.kai7.EssentialFeed-KaiLearning";
				PRODUCT_NAME = "$(TARGET_NAME:c99extidentifier)";
				SKIP_INSTALL = YES;
				SUPPORTED_PLATFORMS = "macosx iphoneos iphonesimulator";
				SWIFT_EMIT_LOC_STRINGS = YES;
				SWIFT_OPTIMIZATION_LEVEL = "-Onone";
				SWIFT_VERSION = 5.0;
			};
			name = Debug;
		};
		E9C39EE3298A3E1900B8017F /* Release */ = {
			isa = XCBuildConfiguration;
			buildSettings = {
				CLANG_ENABLE_MODULES = YES;
				CODE_SIGN_STYLE = Automatic;
				COMBINE_HIDPI_IMAGES = YES;
				CURRENT_PROJECT_VERSION = 1;
				DEFINES_MODULE = YES;
				DEVELOPMENT_TEAM = TFAADZ4278;
				DYLIB_COMPATIBILITY_VERSION = 1;
				DYLIB_CURRENT_VERSION = 1;
				DYLIB_INSTALL_NAME_BASE = "@rpath";
				GENERATE_INFOPLIST_FILE = YES;
				INFOPLIST_KEY_NSHumanReadableCopyright = "";
				INSTALL_PATH = "$(LOCAL_LIBRARY_DIR)/Frameworks";
				LD_RUNPATH_SEARCH_PATHS = (
					"$(inherited)",
					"@executable_path/../Frameworks",
					"@loader_path/Frameworks",
				);
				MARKETING_VERSION = 1.0;
				PRODUCT_BUNDLE_IDENTIFIER = "app.kai7.EssentialFeed-KaiLearning";
				PRODUCT_NAME = "$(TARGET_NAME:c99extidentifier)";
				SKIP_INSTALL = YES;
				SUPPORTED_PLATFORMS = "macosx iphoneos iphonesimulator";
				SWIFT_EMIT_LOC_STRINGS = YES;
				SWIFT_VERSION = 5.0;
			};
			name = Release;
		};
		E9C39EE5298A3E1900B8017F /* Debug */ = {
			isa = XCBuildConfiguration;
			buildSettings = {
				ALWAYS_EMBED_SWIFT_STANDARD_LIBRARIES = YES;
				CLANG_ENABLE_MODULES = YES;
				CODE_SIGN_STYLE = Automatic;
				CURRENT_PROJECT_VERSION = 1;
				DEVELOPMENT_TEAM = TFAADZ4278;
				GENERATE_INFOPLIST_FILE = YES;
				LD_RUNPATH_SEARCH_PATHS = (
					"$(inherited)",
					"@executable_path/../Frameworks",
					"@loader_path/../Frameworks",
				);
				MARKETING_VERSION = 1.0;
				PRODUCT_BUNDLE_IDENTIFIER = "app.kai7.EssentialFeed-KaiLearningTests";
				PRODUCT_NAME = "$(TARGET_NAME)";
				SUPPORTED_PLATFORMS = "macosx iphoneos iphonesimulator";
				SWIFT_EMIT_LOC_STRINGS = NO;
				SWIFT_OPTIMIZATION_LEVEL = "-Onone";
				SWIFT_VERSION = 5.0;
			};
			name = Debug;
		};
		E9C39EE6298A3E1900B8017F /* Release */ = {
			isa = XCBuildConfiguration;
			buildSettings = {
				ALWAYS_EMBED_SWIFT_STANDARD_LIBRARIES = YES;
				CLANG_ENABLE_MODULES = YES;
				CODE_SIGN_STYLE = Automatic;
				CURRENT_PROJECT_VERSION = 1;
				DEVELOPMENT_TEAM = TFAADZ4278;
				GENERATE_INFOPLIST_FILE = YES;
				LD_RUNPATH_SEARCH_PATHS = (
					"$(inherited)",
					"@executable_path/../Frameworks",
					"@loader_path/../Frameworks",
				);
				MARKETING_VERSION = 1.0;
				PRODUCT_BUNDLE_IDENTIFIER = "app.kai7.EssentialFeed-KaiLearningTests";
				PRODUCT_NAME = "$(TARGET_NAME)";
				SUPPORTED_PLATFORMS = "macosx iphoneos iphonesimulator";
				SWIFT_EMIT_LOC_STRINGS = NO;
				SWIFT_VERSION = 5.0;
			};
			name = Release;
		};
		EF6BF25129B9A5C2007C7A99 /* Debug */ = {
			isa = XCBuildConfiguration;
			buildSettings = {
				CLANG_ENABLE_MODULES = YES;
				CODE_SIGN_STYLE = Automatic;
				CURRENT_PROJECT_VERSION = 1;
				DEFINES_MODULE = YES;
				DEVELOPMENT_TEAM = TFAADZ4278;
				DYLIB_COMPATIBILITY_VERSION = 1;
				DYLIB_CURRENT_VERSION = 1;
				DYLIB_INSTALL_NAME_BASE = "@rpath";
				GENERATE_INFOPLIST_FILE = YES;
				INFOPLIST_KEY_NSHumanReadableCopyright = "";
				INSTALL_PATH = "$(LOCAL_LIBRARY_DIR)/Frameworks";
				IPHONEOS_DEPLOYMENT_TARGET = 16.2;
				LD_RUNPATH_SEARCH_PATHS = (
					"$(inherited)",
					"@executable_path/Frameworks",
					"@loader_path/Frameworks",
				);
				MARKETING_VERSION = 1.0;
				PRODUCT_BUNDLE_IDENTIFIER = app.kai7.EssentialFeediOS;
				PRODUCT_NAME = "$(TARGET_NAME:c99extidentifier)";
				SDKROOT = iphoneos;
				SKIP_INSTALL = YES;
				SWIFT_EMIT_LOC_STRINGS = YES;
				SWIFT_OPTIMIZATION_LEVEL = "-Onone";
				SWIFT_VERSION = 5.0;
				TARGETED_DEVICE_FAMILY = "1,2";
			};
			name = Debug;
		};
		EF6BF25229B9A5C2007C7A99 /* Release */ = {
			isa = XCBuildConfiguration;
			buildSettings = {
				CLANG_ENABLE_MODULES = YES;
				CODE_SIGN_STYLE = Automatic;
				CURRENT_PROJECT_VERSION = 1;
				DEFINES_MODULE = YES;
				DEVELOPMENT_TEAM = TFAADZ4278;
				DYLIB_COMPATIBILITY_VERSION = 1;
				DYLIB_CURRENT_VERSION = 1;
				DYLIB_INSTALL_NAME_BASE = "@rpath";
				GENERATE_INFOPLIST_FILE = YES;
				INFOPLIST_KEY_NSHumanReadableCopyright = "";
				INSTALL_PATH = "$(LOCAL_LIBRARY_DIR)/Frameworks";
				IPHONEOS_DEPLOYMENT_TARGET = 16.2;
				LD_RUNPATH_SEARCH_PATHS = (
					"$(inherited)",
					"@executable_path/Frameworks",
					"@loader_path/Frameworks",
				);
				MARKETING_VERSION = 1.0;
				PRODUCT_BUNDLE_IDENTIFIER = app.kai7.EssentialFeediOS;
				PRODUCT_NAME = "$(TARGET_NAME:c99extidentifier)";
				SDKROOT = iphoneos;
				SKIP_INSTALL = YES;
				SWIFT_EMIT_LOC_STRINGS = YES;
				SWIFT_VERSION = 5.0;
				TARGETED_DEVICE_FAMILY = "1,2";
				VALIDATE_PRODUCT = YES;
			};
			name = Release;
		};
		EF6BF25429B9A5C2007C7A99 /* Debug */ = {
			isa = XCBuildConfiguration;
			buildSettings = {
				ALWAYS_EMBED_SWIFT_STANDARD_LIBRARIES = YES;
				CLANG_ENABLE_MODULES = YES;
				CODE_SIGN_STYLE = Automatic;
				CURRENT_PROJECT_VERSION = 1;
				DEVELOPMENT_TEAM = TFAADZ4278;
				GENERATE_INFOPLIST_FILE = YES;
				IPHONEOS_DEPLOYMENT_TARGET = 16.2;
				LD_RUNPATH_SEARCH_PATHS = (
					"$(inherited)",
					"@executable_path/Frameworks",
					"@loader_path/Frameworks",
				);
				MARKETING_VERSION = 1.0;
				PRODUCT_BUNDLE_IDENTIFIER = app.kai7.EssentialFeediOSTests;
				PRODUCT_NAME = "$(TARGET_NAME)";
				SDKROOT = iphoneos;
				SWIFT_EMIT_LOC_STRINGS = NO;
				SWIFT_OPTIMIZATION_LEVEL = "-Onone";
				SWIFT_VERSION = 5.0;
				TARGETED_DEVICE_FAMILY = "1,2";
			};
			name = Debug;
		};
		EF6BF25529B9A5C2007C7A99 /* Release */ = {
			isa = XCBuildConfiguration;
			buildSettings = {
				ALWAYS_EMBED_SWIFT_STANDARD_LIBRARIES = YES;
				CLANG_ENABLE_MODULES = YES;
				CODE_SIGN_STYLE = Automatic;
				CURRENT_PROJECT_VERSION = 1;
				DEVELOPMENT_TEAM = TFAADZ4278;
				GENERATE_INFOPLIST_FILE = YES;
				IPHONEOS_DEPLOYMENT_TARGET = 16.2;
				LD_RUNPATH_SEARCH_PATHS = (
					"$(inherited)",
					"@executable_path/Frameworks",
					"@loader_path/Frameworks",
				);
				MARKETING_VERSION = 1.0;
				PRODUCT_BUNDLE_IDENTIFIER = app.kai7.EssentialFeediOSTests;
				PRODUCT_NAME = "$(TARGET_NAME)";
				SDKROOT = iphoneos;
				SWIFT_EMIT_LOC_STRINGS = NO;
				SWIFT_VERSION = 5.0;
				TARGETED_DEVICE_FAMILY = "1,2";
				VALIDATE_PRODUCT = YES;
			};
			name = Release;
		};
		EFC0EB0D29B82404006E271F /* Debug */ = {
			isa = XCBuildConfiguration;
			buildSettings = {
				CODE_SIGN_STYLE = Automatic;
				CURRENT_PROJECT_VERSION = 1;
				DEVELOPMENT_TEAM = TFAADZ4278;
				GENERATE_INFOPLIST_FILE = YES;
				MACOSX_DEPLOYMENT_TARGET = 13.1;
				MARKETING_VERSION = 1.0;
				PRODUCT_BUNDLE_IDENTIFIER = app.kai7.EssentialFeedCacheIntegrationTests;
				PRODUCT_NAME = "$(TARGET_NAME)";
				SUPPORTED_PLATFORMS = "macosx iphonesimulator iphoneos";
				SWIFT_EMIT_LOC_STRINGS = NO;
				SWIFT_VERSION = 5.0;
			};
			name = Debug;
		};
		EFC0EB0E29B82404006E271F /* Release */ = {
			isa = XCBuildConfiguration;
			buildSettings = {
				CODE_SIGN_STYLE = Automatic;
				CURRENT_PROJECT_VERSION = 1;
				DEVELOPMENT_TEAM = TFAADZ4278;
				GENERATE_INFOPLIST_FILE = YES;
				MACOSX_DEPLOYMENT_TARGET = 13.1;
				MARKETING_VERSION = 1.0;
				PRODUCT_BUNDLE_IDENTIFIER = app.kai7.EssentialFeedCacheIntegrationTests;
				PRODUCT_NAME = "$(TARGET_NAME)";
				SUPPORTED_PLATFORMS = "macosx iphonesimulator iphoneos";
				SWIFT_EMIT_LOC_STRINGS = NO;
				SWIFT_VERSION = 5.0;
			};
			name = Release;
		};
/* End XCBuildConfiguration section */

/* Begin XCConfigurationList section */
		DEA52554298F951C00600B80 /* Build configuration list for PBXNativeTarget "EssentialFeedAPIEndToEndTests" */ = {
			isa = XCConfigurationList;
			buildConfigurations = (
				DEA52555298F951C00600B80 /* Debug */,
				DEA52556298F951C00600B80 /* Release */,
			);
			defaultConfigurationIsVisible = 0;
			defaultConfigurationName = Release;
		};
		E9C39EC7298A3E1800B8017F /* Build configuration list for PBXProject "EssentialFeed-KaiLearning" */ = {
			isa = XCConfigurationList;
			buildConfigurations = (
				E9C39EDF298A3E1900B8017F /* Debug */,
				E9C39EE0298A3E1900B8017F /* Release */,
			);
			defaultConfigurationIsVisible = 0;
			defaultConfigurationName = Release;
		};
		E9C39EE1298A3E1900B8017F /* Build configuration list for PBXNativeTarget "EssentialFeed-KaiLearning" */ = {
			isa = XCConfigurationList;
			buildConfigurations = (
				E9C39EE2298A3E1900B8017F /* Debug */,
				E9C39EE3298A3E1900B8017F /* Release */,
			);
			defaultConfigurationIsVisible = 0;
			defaultConfigurationName = Release;
		};
		E9C39EE4298A3E1900B8017F /* Build configuration list for PBXNativeTarget "EssentialFeed-KaiLearningTests" */ = {
			isa = XCConfigurationList;
			buildConfigurations = (
				E9C39EE5298A3E1900B8017F /* Debug */,
				E9C39EE6298A3E1900B8017F /* Release */,
			);
			defaultConfigurationIsVisible = 0;
			defaultConfigurationName = Release;
		};
		EF6BF25029B9A5C2007C7A99 /* Build configuration list for PBXNativeTarget "EssentialFeediOS" */ = {
			isa = XCConfigurationList;
			buildConfigurations = (
				EF6BF25129B9A5C2007C7A99 /* Debug */,
				EF6BF25229B9A5C2007C7A99 /* Release */,
			);
			defaultConfigurationIsVisible = 0;
			defaultConfigurationName = Release;
		};
		EF6BF25329B9A5C2007C7A99 /* Build configuration list for PBXNativeTarget "EssentialFeediOSTests" */ = {
			isa = XCConfigurationList;
			buildConfigurations = (
				EF6BF25429B9A5C2007C7A99 /* Debug */,
				EF6BF25529B9A5C2007C7A99 /* Release */,
			);
			defaultConfigurationIsVisible = 0;
			defaultConfigurationName = Release;
		};
		EFC0EB0C29B82404006E271F /* Build configuration list for PBXNativeTarget "EssentialFeedCacheIntegrationTests" */ = {
			isa = XCConfigurationList;
			buildConfigurations = (
				EFC0EB0D29B82404006E271F /* Debug */,
				EFC0EB0E29B82404006E271F /* Release */,
			);
			defaultConfigurationIsVisible = 0;
			defaultConfigurationName = Release;
		};
/* End XCConfigurationList section */

/* Begin XCVersionGroup section */
		EF7DF4CC29B7088B00C4DD2D /* FeedStore.xcdatamodeld */ = {
			isa = XCVersionGroup;
			children = (
				EF7DF4CD29B7088B00C4DD2D /* FeedStore2.xcdatamodel */,
				EF7DF4CE29B7088B00C4DD2D /* FeedStore.xcdatamodel */,
			);
			currentVersion = EF7DF4CD29B7088B00C4DD2D /* FeedStore2.xcdatamodel */;
			path = FeedStore.xcdatamodeld;
			sourceTree = "<group>";
			versionGroupType = wrapper.xcdatamodel;
		};
/* End XCVersionGroup section */
	};
	rootObject = E9C39EC4298A3E1800B8017F /* Project object */;
}
