// !$*UTF8*$!
{
	archiveVersion = 1;
	classes = {
	};
	objectVersion = 56;
	objects = {

/* Begin PBXBuildFile section */
		DE68D54229973412008F9F77 /* CacheFeedUseCaseTests.swift in Sources */ = {isa = PBXBuildFile; fileRef = DE68D54129973412008F9F77 /* CacheFeedUseCaseTests.swift */; };
		DEA5253E298DEB7C00600B80 /* HTTPClient.swift in Sources */ = {isa = PBXBuildFile; fileRef = DEA5253D298DEB7C00600B80 /* HTTPClient.swift */; };
		DEA52540298DEC2D00600B80 /* FeedItemsMapper.swift in Sources */ = {isa = PBXBuildFile; fileRef = DEA5253F298DEC2D00600B80 /* FeedItemsMapper.swift */; };
		DEA52543298E506A00600B80 /* URLSessionHTTPClientTests.swift in Sources */ = {isa = PBXBuildFile; fileRef = DEA52542298E506A00600B80 /* URLSessionHTTPClientTests.swift */; };
		DEA52546298F119500600B80 /* XCTestCase+MemoryLeakTracking.swift in Sources */ = {isa = PBXBuildFile; fileRef = DEA52545298F119500600B80 /* XCTestCase+MemoryLeakTracking.swift */; };
		DEA52548298F4E2A00600B80 /* URLSessionHTTPClient.swift in Sources */ = {isa = PBXBuildFile; fileRef = DEA52547298F4E2A00600B80 /* URLSessionHTTPClient.swift */; };
		DEA52550298F951C00600B80 /* EssentialFeedAPIEndToEndTests.swift in Sources */ = {isa = PBXBuildFile; fileRef = DEA5254F298F951C00600B80 /* EssentialFeedAPIEndToEndTests.swift */; };
		DEA52551298F951C00600B80 /* EssentialFeed_KaiLearning.framework in Frameworks */ = {isa = PBXBuildFile; fileRef = E9C39ECD298A3E1900B8017F /* EssentialFeed_KaiLearning.framework */; };
		DEA52557298FB9DA00600B80 /* XCTestCase+MemoryLeakTracking.swift in Sources */ = {isa = PBXBuildFile; fileRef = DEA52545298F119500600B80 /* XCTestCase+MemoryLeakTracking.swift */; };
		DEFE380129B33386002849DB /* ValidateFeedCacheUseCaseTests.swift in Sources */ = {isa = PBXBuildFile; fileRef = DEFE380029B33386002849DB /* ValidateFeedCacheUseCaseTests.swift */; };
		DEFE380329B341C0002849DB /* FeedCacheTestHelpers.swift in Sources */ = {isa = PBXBuildFile; fileRef = DEFE380229B341C0002849DB /* FeedCacheTestHelpers.swift */; };
		DEFE380529B347B7002849DB /* SharedTestHelpers.swift in Sources */ = {isa = PBXBuildFile; fileRef = DEFE380429B347B7002849DB /* SharedTestHelpers.swift */; };
		DEFE380729B40371002849DB /* FeedCachePolicy.swift in Sources */ = {isa = PBXBuildFile; fileRef = DEFE380629B40371002849DB /* FeedCachePolicy.swift */; };
		DEFE380929B4935E002849DB /* CodableFeedStoreTests.swift in Sources */ = {isa = PBXBuildFile; fileRef = DEFE380829B4935E002849DB /* CodableFeedStoreTests.swift */; };
		DEFE380B29B694E7002849DB /* CodableFeedStore.swift in Sources */ = {isa = PBXBuildFile; fileRef = DEFE380A29B694E7002849DB /* CodableFeedStore.swift */; };
		E96408F2299DD49A0080EFB2 /* RemoteFeedItem.swift in Sources */ = {isa = PBXBuildFile; fileRef = E96408F1299DD49A0080EFB2 /* RemoteFeedItem.swift */; };
		E96408F4299DD5110080EFB2 /* LocalFeedImage.swift in Sources */ = {isa = PBXBuildFile; fileRef = E96408F3299DD5110080EFB2 /* LocalFeedImage.swift */; };
		E96408F6299DFE510080EFB2 /* LoadFeedFromCacheUseCaseTests.swift in Sources */ = {isa = PBXBuildFile; fileRef = E96408F5299DFE510080EFB2 /* LoadFeedFromCacheUseCaseTests.swift */; };
		E9BCFE54299C79B400AED5AB /* LocalFeedLoader.swift in Sources */ = {isa = PBXBuildFile; fileRef = E9BCFE53299C79B400AED5AB /* LocalFeedLoader.swift */; };
		E9BCFE56299C7ACC00AED5AB /* FeedStore.swift in Sources */ = {isa = PBXBuildFile; fileRef = E9BCFE55299C7ACC00AED5AB /* FeedStore.swift */; };
		E9C39ED8298A3E1900B8017F /* EssentialFeed_KaiLearning.framework in Frameworks */ = {isa = PBXBuildFile; fileRef = E9C39ECD298A3E1900B8017F /* EssentialFeed_KaiLearning.framework */; };
		E9C39EE8298A3E7900B8017F /* FeedImage.swift in Sources */ = {isa = PBXBuildFile; fileRef = E9C39EE7298A3E7900B8017F /* FeedImage.swift */; };
		E9C39EEA298A3F3D00B8017F /* FeedLoader.swift in Sources */ = {isa = PBXBuildFile; fileRef = E9C39EE9298A3F3D00B8017F /* FeedLoader.swift */; };
		E9C39EED298A44B000B8017F /* RemoteFeedLoaderTests.swift in Sources */ = {isa = PBXBuildFile; fileRef = E9C39EEC298A44B000B8017F /* RemoteFeedLoaderTests.swift */; };
		E9C39EF0298A64F600B8017F /* RemoteFeedLoader.swift in Sources */ = {isa = PBXBuildFile; fileRef = E9C39EEF298A64F600B8017F /* RemoteFeedLoader.swift */; };
		EF7DF4C029B6E67F00C4DD2D /* FeedStoreSpecs.swift in Sources */ = {isa = PBXBuildFile; fileRef = EF7DF4BF29B6E67F00C4DD2D /* FeedStoreSpecs.swift */; };
		EF7DF4C429B6EC2E00C4DD2D /* XCTestCase+FeedStoreSpecs.swift in Sources */ = {isa = PBXBuildFile; fileRef = EF7DF4C329B6EC2E00C4DD2D /* XCTestCase+FeedStoreSpecs.swift */; };
		EF7DF4C629B6F36500C4DD2D /* XCTestCase+FailableRetrieveFeedStoreSpecs.swift in Sources */ = {isa = PBXBuildFile; fileRef = EF7DF4C529B6F36500C4DD2D /* XCTestCase+FailableRetrieveFeedStoreSpecs.swift */; };
		EF7DF4C829B6FF8800C4DD2D /* XCTestCase+FailableInsertFeedStoreSpecs.swift in Sources */ = {isa = PBXBuildFile; fileRef = EF7DF4C729B6FF8800C4DD2D /* XCTestCase+FailableInsertFeedStoreSpecs.swift */; };
		EF7DF4CA29B700CA00C4DD2D /* XCTestCase+FailableDeleteFeedStoreSpecs.swift in Sources */ = {isa = PBXBuildFile; fileRef = EF7DF4C929B700CA00C4DD2D /* XCTestCase+FailableDeleteFeedStoreSpecs.swift */; };
		EF7DF4CF29B7088B00C4DD2D /* FeedStore.xcdatamodeld in Sources */ = {isa = PBXBuildFile; fileRef = EF7DF4CC29B7088B00C4DD2D /* FeedStore.xcdatamodeld */; };
		EF7DF4D129B7097500C4DD2D /* CoreDataFeedStoreTests.swift in Sources */ = {isa = PBXBuildFile; fileRef = EF7DF4D029B7097500C4DD2D /* CoreDataFeedStoreTests.swift */; };
		EF7DF4D329B709FF00C4DD2D /* CoreDataFeedStore.swift in Sources */ = {isa = PBXBuildFile; fileRef = EF7DF4D229B709FF00C4DD2D /* CoreDataFeedStore.swift */; };
		EFD5E2E229B715F3001BCD98 /* FeedStoreSpy.swift in Sources */ = {isa = PBXBuildFile; fileRef = E96408F8299E02420080EFB2 /* FeedStoreSpy.swift */; };
		EFD5E2E329B71783001BCD98 /* FeedStoreSpecs.swift in Sources */ = {isa = PBXBuildFile; fileRef = EF7DF4BF29B6E67F00C4DD2D /* FeedStoreSpecs.swift */; };
		EFD5E2E429B71816001BCD98 /* FeedStore.xcdatamodeld in Sources */ = {isa = PBXBuildFile; fileRef = EF7DF4CC29B7088B00C4DD2D /* FeedStore.xcdatamodeld */; };
/* End PBXBuildFile section */

/* Begin PBXContainerItemProxy section */
		DEA52552298F951C00600B80 /* PBXContainerItemProxy */ = {
			isa = PBXContainerItemProxy;
			containerPortal = E9C39EC4298A3E1800B8017F /* Project object */;
			proxyType = 1;
			remoteGlobalIDString = E9C39ECC298A3E1900B8017F;
			remoteInfo = "EssentialFeed-KaiLearning";
		};
		E9C39ED9298A3E1900B8017F /* PBXContainerItemProxy */ = {
			isa = PBXContainerItemProxy;
			containerPortal = E9C39EC4298A3E1800B8017F /* Project object */;
			proxyType = 1;
			remoteGlobalIDString = E9C39ECC298A3E1900B8017F;
			remoteInfo = "EssentialFeed-KaiLearning";
		};
/* End PBXContainerItemProxy section */

/* Begin PBXFileReference section */
		DE68D54129973412008F9F77 /* CacheFeedUseCaseTests.swift */ = {isa = PBXFileReference; lastKnownFileType = sourcecode.swift; path = CacheFeedUseCaseTests.swift; sourceTree = "<group>"; };
		DEA5253D298DEB7C00600B80 /* HTTPClient.swift */ = {isa = PBXFileReference; lastKnownFileType = sourcecode.swift; path = HTTPClient.swift; sourceTree = "<group>"; };
		DEA5253F298DEC2D00600B80 /* FeedItemsMapper.swift */ = {isa = PBXFileReference; lastKnownFileType = sourcecode.swift; path = FeedItemsMapper.swift; sourceTree = "<group>"; };
		DEA52542298E506A00600B80 /* URLSessionHTTPClientTests.swift */ = {isa = PBXFileReference; lastKnownFileType = sourcecode.swift; path = URLSessionHTTPClientTests.swift; sourceTree = "<group>"; };
		DEA52545298F119500600B80 /* XCTestCase+MemoryLeakTracking.swift */ = {isa = PBXFileReference; lastKnownFileType = sourcecode.swift; path = "XCTestCase+MemoryLeakTracking.swift"; sourceTree = "<group>"; };
		DEA52547298F4E2A00600B80 /* URLSessionHTTPClient.swift */ = {isa = PBXFileReference; lastKnownFileType = sourcecode.swift; path = URLSessionHTTPClient.swift; sourceTree = "<group>"; };
		DEA5254D298F951C00600B80 /* EssentialFeedAPIEndToEndTests.xctest */ = {isa = PBXFileReference; explicitFileType = wrapper.cfbundle; includeInIndex = 0; path = EssentialFeedAPIEndToEndTests.xctest; sourceTree = BUILT_PRODUCTS_DIR; };
		DEA5254F298F951C00600B80 /* EssentialFeedAPIEndToEndTests.swift */ = {isa = PBXFileReference; lastKnownFileType = sourcecode.swift; path = EssentialFeedAPIEndToEndTests.swift; sourceTree = "<group>"; };
		DEFE380029B33386002849DB /* ValidateFeedCacheUseCaseTests.swift */ = {isa = PBXFileReference; lastKnownFileType = sourcecode.swift; path = ValidateFeedCacheUseCaseTests.swift; sourceTree = "<group>"; };
		DEFE380229B341C0002849DB /* FeedCacheTestHelpers.swift */ = {isa = PBXFileReference; lastKnownFileType = sourcecode.swift; path = FeedCacheTestHelpers.swift; sourceTree = "<group>"; };
		DEFE380429B347B7002849DB /* SharedTestHelpers.swift */ = {isa = PBXFileReference; lastKnownFileType = sourcecode.swift; path = SharedTestHelpers.swift; sourceTree = "<group>"; };
		DEFE380629B40371002849DB /* FeedCachePolicy.swift */ = {isa = PBXFileReference; lastKnownFileType = sourcecode.swift; path = FeedCachePolicy.swift; sourceTree = "<group>"; };
		DEFE380829B4935E002849DB /* CodableFeedStoreTests.swift */ = {isa = PBXFileReference; lastKnownFileType = sourcecode.swift; path = CodableFeedStoreTests.swift; sourceTree = "<group>"; };
		DEFE380A29B694E7002849DB /* CodableFeedStore.swift */ = {isa = PBXFileReference; lastKnownFileType = sourcecode.swift; path = CodableFeedStore.swift; sourceTree = "<group>"; };
		E96408F1299DD49A0080EFB2 /* RemoteFeedItem.swift */ = {isa = PBXFileReference; lastKnownFileType = sourcecode.swift; path = RemoteFeedItem.swift; sourceTree = "<group>"; };
		E96408F3299DD5110080EFB2 /* LocalFeedImage.swift */ = {isa = PBXFileReference; lastKnownFileType = sourcecode.swift; path = LocalFeedImage.swift; sourceTree = "<group>"; };
		E96408F5299DFE510080EFB2 /* LoadFeedFromCacheUseCaseTests.swift */ = {isa = PBXFileReference; lastKnownFileType = sourcecode.swift; path = LoadFeedFromCacheUseCaseTests.swift; sourceTree = "<group>"; };
		E96408F8299E02420080EFB2 /* FeedStoreSpy.swift */ = {isa = PBXFileReference; lastKnownFileType = sourcecode.swift; path = FeedStoreSpy.swift; sourceTree = "<group>"; };
		E9BCFE53299C79B400AED5AB /* LocalFeedLoader.swift */ = {isa = PBXFileReference; lastKnownFileType = sourcecode.swift; path = LocalFeedLoader.swift; sourceTree = "<group>"; };
		E9BCFE55299C7ACC00AED5AB /* FeedStore.swift */ = {isa = PBXFileReference; lastKnownFileType = sourcecode.swift; path = FeedStore.swift; sourceTree = "<group>"; };
		E9C39ECD298A3E1900B8017F /* EssentialFeed_KaiLearning.framework */ = {isa = PBXFileReference; explicitFileType = wrapper.framework; includeInIndex = 0; path = EssentialFeed_KaiLearning.framework; sourceTree = BUILT_PRODUCTS_DIR; };
		E9C39ED7298A3E1900B8017F /* EssentialFeed-KaiLearningTests.xctest */ = {isa = PBXFileReference; explicitFileType = wrapper.cfbundle; includeInIndex = 0; path = "EssentialFeed-KaiLearningTests.xctest"; sourceTree = BUILT_PRODUCTS_DIR; };
		E9C39EE7298A3E7900B8017F /* FeedImage.swift */ = {isa = PBXFileReference; lastKnownFileType = sourcecode.swift; path = FeedImage.swift; sourceTree = "<group>"; };
		E9C39EE9298A3F3D00B8017F /* FeedLoader.swift */ = {isa = PBXFileReference; lastKnownFileType = sourcecode.swift; path = FeedLoader.swift; sourceTree = "<group>"; };
		E9C39EEC298A44B000B8017F /* RemoteFeedLoaderTests.swift */ = {isa = PBXFileReference; lastKnownFileType = sourcecode.swift; path = RemoteFeedLoaderTests.swift; sourceTree = "<group>"; };
		E9C39EEF298A64F600B8017F /* RemoteFeedLoader.swift */ = {isa = PBXFileReference; lastKnownFileType = sourcecode.swift; path = RemoteFeedLoader.swift; sourceTree = "<group>"; };
		EF7DF4BF29B6E67F00C4DD2D /* FeedStoreSpecs.swift */ = {isa = PBXFileReference; lastKnownFileType = sourcecode.swift; path = FeedStoreSpecs.swift; sourceTree = "<group>"; };
		EF7DF4C329B6EC2E00C4DD2D /* XCTestCase+FeedStoreSpecs.swift */ = {isa = PBXFileReference; lastKnownFileType = sourcecode.swift; path = "XCTestCase+FeedStoreSpecs.swift"; sourceTree = "<group>"; };
		EF7DF4C529B6F36500C4DD2D /* XCTestCase+FailableRetrieveFeedStoreSpecs.swift */ = {isa = PBXFileReference; lastKnownFileType = sourcecode.swift; path = "XCTestCase+FailableRetrieveFeedStoreSpecs.swift"; sourceTree = "<group>"; };
		EF7DF4C729B6FF8800C4DD2D /* XCTestCase+FailableInsertFeedStoreSpecs.swift */ = {isa = PBXFileReference; lastKnownFileType = sourcecode.swift; path = "XCTestCase+FailableInsertFeedStoreSpecs.swift"; sourceTree = "<group>"; };
		EF7DF4C929B700CA00C4DD2D /* XCTestCase+FailableDeleteFeedStoreSpecs.swift */ = {isa = PBXFileReference; lastKnownFileType = sourcecode.swift; path = "XCTestCase+FailableDeleteFeedStoreSpecs.swift"; sourceTree = "<group>"; };
		EF7DF4CD29B7088B00C4DD2D /* FeedStore2.xcdatamodel */ = {isa = PBXFileReference; lastKnownFileType = wrapper.xcdatamodel; path = FeedStore2.xcdatamodel; sourceTree = "<group>"; };
		EF7DF4CE29B7088B00C4DD2D /* FeedStore.xcdatamodel */ = {isa = PBXFileReference; lastKnownFileType = wrapper.xcdatamodel; path = FeedStore.xcdatamodel; sourceTree = "<group>"; };
		EF7DF4D029B7097500C4DD2D /* CoreDataFeedStoreTests.swift */ = {isa = PBXFileReference; lastKnownFileType = sourcecode.swift; path = CoreDataFeedStoreTests.swift; sourceTree = "<group>"; };
		EF7DF4D229B709FF00C4DD2D /* CoreDataFeedStore.swift */ = {isa = PBXFileReference; lastKnownFileType = sourcecode.swift; path = CoreDataFeedStore.swift; sourceTree = "<group>"; };
/* End PBXFileReference section */

/* Begin PBXFrameworksBuildPhase section */
		DEA5254A298F951C00600B80 /* Frameworks */ = {
			isa = PBXFrameworksBuildPhase;
			buildActionMask = 2147483647;
			files = (
				DEA52551298F951C00600B80 /* EssentialFeed_KaiLearning.framework in Frameworks */,
			);
			runOnlyForDeploymentPostprocessing = 0;
		};
		E9C39ECA298A3E1900B8017F /* Frameworks */ = {
			isa = PBXFrameworksBuildPhase;
			buildActionMask = 2147483647;
			files = (
			);
			runOnlyForDeploymentPostprocessing = 0;
		};
		E9C39ED4298A3E1900B8017F /* Frameworks */ = {
			isa = PBXFrameworksBuildPhase;
			buildActionMask = 2147483647;
			files = (
				E9C39ED8298A3E1900B8017F /* EssentialFeed_KaiLearning.framework in Frameworks */,
			);
			runOnlyForDeploymentPostprocessing = 0;
		};
/* End PBXFrameworksBuildPhase section */

/* Begin PBXGroup section */
		DE68D540299733C8008F9F77 /* Feed Cache */ = {
			isa = PBXGroup;
			children = (
				E96408F7299E01F30080EFB2 /* Helpers */,
				DE68D54129973412008F9F77 /* CacheFeedUseCaseTests.swift */,
				E96408F5299DFE510080EFB2 /* LoadFeedFromCacheUseCaseTests.swift */,
				DEFE380029B33386002849DB /* ValidateFeedCacheUseCaseTests.swift */,
				DEFE380829B4935E002849DB /* CodableFeedStoreTests.swift */,
				EF7DF4D029B7097500C4DD2D /* CoreDataFeedStoreTests.swift */,
				EF7DF4CB29B701E400C4DD2D /* FeedStoreSpecs */,
			);
			path = "Feed Cache";
			sourceTree = "<group>";
		};
		DEA52541298E236500600B80 /* Feed API */ = {
			isa = PBXGroup;
			children = (
				E9C39EEC298A44B000B8017F /* RemoteFeedLoaderTests.swift */,
				DEA52542298E506A00600B80 /* URLSessionHTTPClientTests.swift */,
			);
			path = "Feed API";
			sourceTree = "<group>";
		};
		DEA52544298F117300600B80 /* Helpers */ = {
			isa = PBXGroup;
			children = (
				DEA52545298F119500600B80 /* XCTestCase+MemoryLeakTracking.swift */,
				DEFE380429B347B7002849DB /* SharedTestHelpers.swift */,
			);
			path = Helpers;
			sourceTree = "<group>";
		};
		DEA5254E298F951C00600B80 /* EssentialFeedAPIEndToEndTests */ = {
			isa = PBXGroup;
			children = (
				DEA5254F298F951C00600B80 /* EssentialFeedAPIEndToEndTests.swift */,
			);
			path = EssentialFeedAPIEndToEndTests;
			sourceTree = "<group>";
		};
		E96408F7299E01F30080EFB2 /* Helpers */ = {
			isa = PBXGroup;
			children = (
				E96408F8299E02420080EFB2 /* FeedStoreSpy.swift */,
				DEFE380229B341C0002849DB /* FeedCacheTestHelpers.swift */,
			);
			path = Helpers;
			sourceTree = "<group>";
		};
		E9BCFE52299C76E700AED5AB /* Feed Cache */ = {
			isa = PBXGroup;
			children = (
				E9BCFE53299C79B400AED5AB /* LocalFeedLoader.swift */,
				E9BCFE55299C7ACC00AED5AB /* FeedStore.swift */,
				E96408F3299DD5110080EFB2 /* LocalFeedImage.swift */,
				DEFE380629B40371002849DB /* FeedCachePolicy.swift */,
				DEFE380A29B694E7002849DB /* CodableFeedStore.swift */,
				EF7DF4D229B709FF00C4DD2D /* CoreDataFeedStore.swift */,
				EF7DF4BF29B6E67F00C4DD2D /* FeedStoreSpecs.swift */,
				EF7DF4CC29B7088B00C4DD2D /* FeedStore.xcdatamodeld */,
			);
			path = "Feed Cache";
			sourceTree = "<group>";
		};
		E9C39EC3298A3E1800B8017F = {
			isa = PBXGroup;
			children = (
				E9C39ECF298A3E1900B8017F /* EssentialFeed-KaiLearning */,
				E9C39EDB298A3E1900B8017F /* EssentialFeed-KaiLearningTests */,
				DEA5254E298F951C00600B80 /* EssentialFeedAPIEndToEndTests */,
				E9C39ECE298A3E1900B8017F /* Products */,
			);
			sourceTree = "<group>";
		};
		E9C39ECE298A3E1900B8017F /* Products */ = {
			isa = PBXGroup;
			children = (
				E9C39ECD298A3E1900B8017F /* EssentialFeed_KaiLearning.framework */,
				E9C39ED7298A3E1900B8017F /* EssentialFeed-KaiLearningTests.xctest */,
				DEA5254D298F951C00600B80 /* EssentialFeedAPIEndToEndTests.xctest */,
			);
			name = Products;
			sourceTree = "<group>";
		};
		E9C39ECF298A3E1900B8017F /* EssentialFeed-KaiLearning */ = {
			isa = PBXGroup;
			children = (
				E9BCFE52299C76E700AED5AB /* Feed Cache */,
				E9C39EEE298A64B700B8017F /* Feed API */,
				E9C39EEB298A40F000B8017F /* Feed Feature */,
			);
			path = "EssentialFeed-KaiLearning";
			sourceTree = "<group>";
		};
		E9C39EDB298A3E1900B8017F /* EssentialFeed-KaiLearningTests */ = {
			isa = PBXGroup;
			children = (
				DEA52544298F117300600B80 /* Helpers */,
				DE68D540299733C8008F9F77 /* Feed Cache */,
				DEA52541298E236500600B80 /* Feed API */,
			);
			path = "EssentialFeed-KaiLearningTests";
			sourceTree = "<group>";
		};
		E9C39EEB298A40F000B8017F /* Feed Feature */ = {
			isa = PBXGroup;
			children = (
				E9C39EE7298A3E7900B8017F /* FeedImage.swift */,
				E9C39EE9298A3F3D00B8017F /* FeedLoader.swift */,
			);
			path = "Feed Feature";
			sourceTree = "<group>";
		};
		E9C39EEE298A64B700B8017F /* Feed API */ = {
			isa = PBXGroup;
			children = (
				E9C39EEF298A64F600B8017F /* RemoteFeedLoader.swift */,
				DEA5253F298DEC2D00600B80 /* FeedItemsMapper.swift */,
				E96408F1299DD49A0080EFB2 /* RemoteFeedItem.swift */,
				DEA5253D298DEB7C00600B80 /* HTTPClient.swift */,
				DEA52547298F4E2A00600B80 /* URLSessionHTTPClient.swift */,
			);
			path = "Feed API";
			sourceTree = "<group>";
		};
		EF7DF4CB29B701E400C4DD2D /* FeedStoreSpecs */ = {
			isa = PBXGroup;
			children = (
				EF7DF4C329B6EC2E00C4DD2D /* XCTestCase+FeedStoreSpecs.swift */,
				EF7DF4C529B6F36500C4DD2D /* XCTestCase+FailableRetrieveFeedStoreSpecs.swift */,
				EF7DF4C729B6FF8800C4DD2D /* XCTestCase+FailableInsertFeedStoreSpecs.swift */,
				EF7DF4C929B700CA00C4DD2D /* XCTestCase+FailableDeleteFeedStoreSpecs.swift */,
			);
			path = FeedStoreSpecs;
			sourceTree = "<group>";
		};
/* End PBXGroup section */

/* Begin PBXHeadersBuildPhase section */
		E9C39EC8298A3E1900B8017F /* Headers */ = {
			isa = PBXHeadersBuildPhase;
			buildActionMask = 2147483647;
			files = (
			);
			runOnlyForDeploymentPostprocessing = 0;
		};
/* End PBXHeadersBuildPhase section */

/* Begin PBXNativeTarget section */
		DEA5254C298F951C00600B80 /* EssentialFeedAPIEndToEndTests */ = {
			isa = PBXNativeTarget;
			buildConfigurationList = DEA52554298F951C00600B80 /* Build configuration list for PBXNativeTarget "EssentialFeedAPIEndToEndTests" */;
			buildPhases = (
				DEA52549298F951C00600B80 /* Sources */,
				DEA5254A298F951C00600B80 /* Frameworks */,
				DEA5254B298F951C00600B80 /* Resources */,
			);
			buildRules = (
			);
			dependencies = (
				DEA52553298F951C00600B80 /* PBXTargetDependency */,
			);
			name = EssentialFeedAPIEndToEndTests;
			productName = EssentialFeedAPIEndToEndTests;
			productReference = DEA5254D298F951C00600B80 /* EssentialFeedAPIEndToEndTests.xctest */;
			productType = "com.apple.product-type.bundle.unit-test";
		};
		E9C39ECC298A3E1900B8017F /* EssentialFeed-KaiLearning */ = {
			isa = PBXNativeTarget;
			buildConfigurationList = E9C39EE1298A3E1900B8017F /* Build configuration list for PBXNativeTarget "EssentialFeed-KaiLearning" */;
			buildPhases = (
				E9C39EC8298A3E1900B8017F /* Headers */,
				E9C39EC9298A3E1900B8017F /* Sources */,
				E9C39ECA298A3E1900B8017F /* Frameworks */,
				E9C39ECB298A3E1900B8017F /* Resources */,
			);
			buildRules = (
			);
			dependencies = (
			);
			name = "EssentialFeed-KaiLearning";
			productName = "EssentialFeed-KaiLearning";
			productReference = E9C39ECD298A3E1900B8017F /* EssentialFeed_KaiLearning.framework */;
			productType = "com.apple.product-type.framework";
		};
		E9C39ED6298A3E1900B8017F /* EssentialFeed-KaiLearningTests */ = {
			isa = PBXNativeTarget;
			buildConfigurationList = E9C39EE4298A3E1900B8017F /* Build configuration list for PBXNativeTarget "EssentialFeed-KaiLearningTests" */;
			buildPhases = (
				E9C39ED3298A3E1900B8017F /* Sources */,
				E9C39ED4298A3E1900B8017F /* Frameworks */,
				E9C39ED5298A3E1900B8017F /* Resources */,
			);
			buildRules = (
			);
			dependencies = (
				E9C39EDA298A3E1900B8017F /* PBXTargetDependency */,
			);
			name = "EssentialFeed-KaiLearningTests";
			productName = "EssentialFeed-KaiLearningTests";
			productReference = E9C39ED7298A3E1900B8017F /* EssentialFeed-KaiLearningTests.xctest */;
			productType = "com.apple.product-type.bundle.unit-test";
		};
/* End PBXNativeTarget section */

/* Begin PBXProject section */
		E9C39EC4298A3E1800B8017F /* Project object */ = {
			isa = PBXProject;
			attributes = {
				BuildIndependentTargetsInParallel = 1;
				LastSwiftUpdateCheck = 1420;
				LastUpgradeCheck = 1420;
				TargetAttributes = {
					DEA5254C298F951C00600B80 = {
						CreatedOnToolsVersion = 14.2;
					};
					E9C39ECC298A3E1900B8017F = {
						CreatedOnToolsVersion = 14.2;
						LastSwiftMigration = 1420;
					};
					E9C39ED6298A3E1900B8017F = {
						CreatedOnToolsVersion = 14.2;
						LastSwiftMigration = 1420;
					};
				};
			};
			buildConfigurationList = E9C39EC7298A3E1800B8017F /* Build configuration list for PBXProject "EssentialFeed-KaiLearning" */;
			compatibilityVersion = "Xcode 14.0";
			developmentRegion = en;
			hasScannedForEncodings = 0;
			knownRegions = (
				en,
				Base,
			);
			mainGroup = E9C39EC3298A3E1800B8017F;
			productRefGroup = E9C39ECE298A3E1900B8017F /* Products */;
			projectDirPath = "";
			projectRoot = "";
			targets = (
				E9C39ECC298A3E1900B8017F /* EssentialFeed-KaiLearning */,
				E9C39ED6298A3E1900B8017F /* EssentialFeed-KaiLearningTests */,
				DEA5254C298F951C00600B80 /* EssentialFeedAPIEndToEndTests */,
			);
		};
/* End PBXProject section */

/* Begin PBXResourcesBuildPhase section */
		DEA5254B298F951C00600B80 /* Resources */ = {
			isa = PBXResourcesBuildPhase;
			buildActionMask = 2147483647;
			files = (
			);
			runOnlyForDeploymentPostprocessing = 0;
		};
		E9C39ECB298A3E1900B8017F /* Resources */ = {
			isa = PBXResourcesBuildPhase;
			buildActionMask = 2147483647;
			files = (
			);
			runOnlyForDeploymentPostprocessing = 0;
		};
		E9C39ED5298A3E1900B8017F /* Resources */ = {
			isa = PBXResourcesBuildPhase;
			buildActionMask = 2147483647;
			files = (
			);
			runOnlyForDeploymentPostprocessing = 0;
		};
/* End PBXResourcesBuildPhase section */

/* Begin PBXSourcesBuildPhase section */
		DEA52549298F951C00600B80 /* Sources */ = {
			isa = PBXSourcesBuildPhase;
			buildActionMask = 2147483647;
			files = (
				DEA52550298F951C00600B80 /* EssentialFeedAPIEndToEndTests.swift in Sources */,
				DEA52557298FB9DA00600B80 /* XCTestCase+MemoryLeakTracking.swift in Sources */,
			);
			runOnlyForDeploymentPostprocessing = 0;
		};
		E9C39EC9298A3E1900B8017F /* Sources */ = {
			isa = PBXSourcesBuildPhase;
			buildActionMask = 2147483647;
			files = (
				EF7DF4D329B709FF00C4DD2D /* CoreDataFeedStore.swift in Sources */,
				DEA52540298DEC2D00600B80 /* FeedItemsMapper.swift in Sources */,
				E9C39EEA298A3F3D00B8017F /* FeedLoader.swift in Sources */,
				E96408F2299DD49A0080EFB2 /* RemoteFeedItem.swift in Sources */,
				DEFE380729B40371002849DB /* FeedCachePolicy.swift in Sources */,
				E9C39EF0298A64F600B8017F /* RemoteFeedLoader.swift in Sources */,
				EF7DF4CF29B7088B00C4DD2D /* FeedStore.xcdatamodeld in Sources */,
				E96408F4299DD5110080EFB2 /* LocalFeedImage.swift in Sources */,
				E9BCFE56299C7ACC00AED5AB /* FeedStore.swift in Sources */,
				EF7DF4C029B6E67F00C4DD2D /* FeedStoreSpecs.swift in Sources */,
				E9BCFE54299C79B400AED5AB /* LocalFeedLoader.swift in Sources */,
				DEFE380B29B694E7002849DB /* CodableFeedStore.swift in Sources */,
				DEA5253E298DEB7C00600B80 /* HTTPClient.swift in Sources */,
				E9C39EE8298A3E7900B8017F /* FeedImage.swift in Sources */,
				DEA52548298F4E2A00600B80 /* URLSessionHTTPClient.swift in Sources */,
			);
			runOnlyForDeploymentPostprocessing = 0;
		};
		E9C39ED3298A3E1900B8017F /* Sources */ = {
			isa = PBXSourcesBuildPhase;
			buildActionMask = 2147483647;
			files = (
				DEFE380929B4935E002849DB /* CodableFeedStoreTests.swift in Sources */,
				EFD5E2E229B715F3001BCD98 /* FeedStoreSpy.swift in Sources */,
				DEFE380329B341C0002849DB /* FeedCacheTestHelpers.swift in Sources */,
				DEFE380129B33386002849DB /* ValidateFeedCacheUseCaseTests.swift in Sources */,
				E9C39EED298A44B000B8017F /* RemoteFeedLoaderTests.swift in Sources */,
				EF7DF4C829B6FF8800C4DD2D /* XCTestCase+FailableInsertFeedStoreSpecs.swift in Sources */,
				EFD5E2E429B71816001BCD98 /* FeedStore.xcdatamodeld in Sources */,
				DEA52543298E506A00600B80 /* URLSessionHTTPClientTests.swift in Sources */,
				DEFE380529B347B7002849DB /* SharedTestHelpers.swift in Sources */,
				DE68D54229973412008F9F77 /* CacheFeedUseCaseTests.swift in Sources */,
				EF7DF4CA29B700CA00C4DD2D /* XCTestCase+FailableDeleteFeedStoreSpecs.swift in Sources */,
				EF7DF4C629B6F36500C4DD2D /* XCTestCase+FailableRetrieveFeedStoreSpecs.swift in Sources */,
				E96408F6299DFE510080EFB2 /* LoadFeedFromCacheUseCaseTests.swift in Sources */,
				DEA52546298F119500600B80 /* XCTestCase+MemoryLeakTracking.swift in Sources */,
				EF7DF4D129B7097500C4DD2D /* CoreDataFeedStoreTests.swift in Sources */,
				EFD5E2E329B71783001BCD98 /* FeedStoreSpecs.swift in Sources */,
				EF7DF4C429B6EC2E00C4DD2D /* XCTestCase+FeedStoreSpecs.swift in Sources */,
			);
			runOnlyForDeploymentPostprocessing = 0;
		};
/* End PBXSourcesBuildPhase section */

/* Begin PBXTargetDependency section */
		DEA52553298F951C00600B80 /* PBXTargetDependency */ = {
			isa = PBXTargetDependency;
			target = E9C39ECC298A3E1900B8017F /* EssentialFeed-KaiLearning */;
			targetProxy = DEA52552298F951C00600B80 /* PBXContainerItemProxy */;
		};
		E9C39EDA298A3E1900B8017F /* PBXTargetDependency */ = {
			isa = PBXTargetDependency;
			target = E9C39ECC298A3E1900B8017F /* EssentialFeed-KaiLearning */;
			targetProxy = E9C39ED9298A3E1900B8017F /* PBXContainerItemProxy */;
		};
/* End PBXTargetDependency section */

/* Begin XCBuildConfiguration section */
		DEA52555298F951C00600B80 /* Debug */ = {
			isa = XCBuildConfiguration;
			buildSettings = {
				CODE_SIGN_STYLE = Automatic;
				CURRENT_PROJECT_VERSION = 1;
				DEVELOPMENT_TEAM = TFAADZ4278;
				GENERATE_INFOPLIST_FILE = YES;
				MACOSX_DEPLOYMENT_TARGET = 13.0;
				MARKETING_VERSION = 1.0;
				PRODUCT_BUNDLE_IDENTIFIER = app.kai7.EssentialFeedAPIEndToEndTests;
				PRODUCT_NAME = "$(TARGET_NAME)";
				SWIFT_EMIT_LOC_STRINGS = NO;
				SWIFT_VERSION = 5.0;
			};
			name = Debug;
		};
		DEA52556298F951C00600B80 /* Release */ = {
			isa = XCBuildConfiguration;
			buildSettings = {
				CODE_SIGN_STYLE = Automatic;
				CURRENT_PROJECT_VERSION = 1;
				DEVELOPMENT_TEAM = TFAADZ4278;
				GENERATE_INFOPLIST_FILE = YES;
				MACOSX_DEPLOYMENT_TARGET = 13.0;
				MARKETING_VERSION = 1.0;
				PRODUCT_BUNDLE_IDENTIFIER = app.kai7.EssentialFeedAPIEndToEndTests;
				PRODUCT_NAME = "$(TARGET_NAME)";
				SWIFT_EMIT_LOC_STRINGS = NO;
				SWIFT_VERSION = 5.0;
			};
			name = Release;
		};
		E9C39EDF298A3E1900B8017F /* Debug */ = {
			isa = XCBuildConfiguration;
			buildSettings = {
				ALWAYS_SEARCH_USER_PATHS = NO;
				CLANG_ANALYZER_NONNULL = YES;
				CLANG_ANALYZER_NUMBER_OBJECT_CONVERSION = YES_AGGRESSIVE;
				CLANG_CXX_LANGUAGE_STANDARD = "gnu++20";
				CLANG_ENABLE_MODULES = YES;
				CLANG_ENABLE_OBJC_ARC = YES;
				CLANG_ENABLE_OBJC_WEAK = YES;
				CLANG_WARN_BLOCK_CAPTURE_AUTORELEASING = YES;
				CLANG_WARN_BOOL_CONVERSION = YES;
				CLANG_WARN_COMMA = YES;
				CLANG_WARN_CONSTANT_CONVERSION = YES;
				CLANG_WARN_DEPRECATED_OBJC_IMPLEMENTATIONS = YES;
				CLANG_WARN_DIRECT_OBJC_ISA_USAGE = YES_ERROR;
				CLANG_WARN_DOCUMENTATION_COMMENTS = YES;
				CLANG_WARN_EMPTY_BODY = YES;
				CLANG_WARN_ENUM_CONVERSION = YES;
				CLANG_WARN_INFINITE_RECURSION = YES;
				CLANG_WARN_INT_CONVERSION = YES;
				CLANG_WARN_NON_LITERAL_NULL_CONVERSION = YES;
				CLANG_WARN_OBJC_IMPLICIT_RETAIN_SELF = YES;
				CLANG_WARN_OBJC_LITERAL_CONVERSION = YES;
				CLANG_WARN_OBJC_ROOT_CLASS = YES_ERROR;
				CLANG_WARN_QUOTED_INCLUDE_IN_FRAMEWORK_HEADER = YES;
				CLANG_WARN_RANGE_LOOP_ANALYSIS = YES;
				CLANG_WARN_STRICT_PROTOTYPES = YES;
				CLANG_WARN_SUSPICIOUS_MOVE = YES;
				CLANG_WARN_UNGUARDED_AVAILABILITY = YES_AGGRESSIVE;
				CLANG_WARN_UNREACHABLE_CODE = YES;
				CLANG_WARN__DUPLICATE_METHOD_MATCH = YES;
				COPY_PHASE_STRIP = NO;
				CURRENT_PROJECT_VERSION = 1;
				DEBUG_INFORMATION_FORMAT = dwarf;
				ENABLE_STRICT_OBJC_MSGSEND = YES;
				ENABLE_TESTABILITY = YES;
				GCC_C_LANGUAGE_STANDARD = gnu11;
				GCC_DYNAMIC_NO_PIC = NO;
				GCC_NO_COMMON_BLOCKS = YES;
				GCC_OPTIMIZATION_LEVEL = 0;
				GCC_PREPROCESSOR_DEFINITIONS = (
					"DEBUG=1",
					"$(inherited)",
				);
				GCC_WARN_64_TO_32_BIT_CONVERSION = YES;
				GCC_WARN_ABOUT_RETURN_TYPE = YES_ERROR;
				GCC_WARN_UNDECLARED_SELECTOR = YES;
				GCC_WARN_UNINITIALIZED_AUTOS = YES_AGGRESSIVE;
				GCC_WARN_UNUSED_FUNCTION = YES;
				GCC_WARN_UNUSED_VARIABLE = YES;
				MACOSX_DEPLOYMENT_TARGET = 13.0;
				MTL_ENABLE_DEBUG_INFO = INCLUDE_SOURCE;
				MTL_FAST_MATH = YES;
				ONLY_ACTIVE_ARCH = YES;
				SDKROOT = macosx;
				SWIFT_ACTIVE_COMPILATION_CONDITIONS = DEBUG;
				SWIFT_OPTIMIZATION_LEVEL = "-Onone";
				VERSIONING_SYSTEM = "apple-generic";
				VERSION_INFO_PREFIX = "";
			};
			name = Debug;
		};
		E9C39EE0298A3E1900B8017F /* Release */ = {
			isa = XCBuildConfiguration;
			buildSettings = {
				ALWAYS_SEARCH_USER_PATHS = NO;
				CLANG_ANALYZER_NONNULL = YES;
				CLANG_ANALYZER_NUMBER_OBJECT_CONVERSION = YES_AGGRESSIVE;
				CLANG_CXX_LANGUAGE_STANDARD = "gnu++20";
				CLANG_ENABLE_MODULES = YES;
				CLANG_ENABLE_OBJC_ARC = YES;
				CLANG_ENABLE_OBJC_WEAK = YES;
				CLANG_WARN_BLOCK_CAPTURE_AUTORELEASING = YES;
				CLANG_WARN_BOOL_CONVERSION = YES;
				CLANG_WARN_COMMA = YES;
				CLANG_WARN_CONSTANT_CONVERSION = YES;
				CLANG_WARN_DEPRECATED_OBJC_IMPLEMENTATIONS = YES;
				CLANG_WARN_DIRECT_OBJC_ISA_USAGE = YES_ERROR;
				CLANG_WARN_DOCUMENTATION_COMMENTS = YES;
				CLANG_WARN_EMPTY_BODY = YES;
				CLANG_WARN_ENUM_CONVERSION = YES;
				CLANG_WARN_INFINITE_RECURSION = YES;
				CLANG_WARN_INT_CONVERSION = YES;
				CLANG_WARN_NON_LITERAL_NULL_CONVERSION = YES;
				CLANG_WARN_OBJC_IMPLICIT_RETAIN_SELF = YES;
				CLANG_WARN_OBJC_LITERAL_CONVERSION = YES;
				CLANG_WARN_OBJC_ROOT_CLASS = YES_ERROR;
				CLANG_WARN_QUOTED_INCLUDE_IN_FRAMEWORK_HEADER = YES;
				CLANG_WARN_RANGE_LOOP_ANALYSIS = YES;
				CLANG_WARN_STRICT_PROTOTYPES = YES;
				CLANG_WARN_SUSPICIOUS_MOVE = YES;
				CLANG_WARN_UNGUARDED_AVAILABILITY = YES_AGGRESSIVE;
				CLANG_WARN_UNREACHABLE_CODE = YES;
				CLANG_WARN__DUPLICATE_METHOD_MATCH = YES;
				COPY_PHASE_STRIP = NO;
				CURRENT_PROJECT_VERSION = 1;
				DEBUG_INFORMATION_FORMAT = "dwarf-with-dsym";
				ENABLE_NS_ASSERTIONS = NO;
				ENABLE_STRICT_OBJC_MSGSEND = YES;
				GCC_C_LANGUAGE_STANDARD = gnu11;
				GCC_NO_COMMON_BLOCKS = YES;
				GCC_WARN_64_TO_32_BIT_CONVERSION = YES;
				GCC_WARN_ABOUT_RETURN_TYPE = YES_ERROR;
				GCC_WARN_UNDECLARED_SELECTOR = YES;
				GCC_WARN_UNINITIALIZED_AUTOS = YES_AGGRESSIVE;
				GCC_WARN_UNUSED_FUNCTION = YES;
				GCC_WARN_UNUSED_VARIABLE = YES;
				MACOSX_DEPLOYMENT_TARGET = 13.0;
				MTL_ENABLE_DEBUG_INFO = NO;
				MTL_FAST_MATH = YES;
				SDKROOT = macosx;
				SWIFT_COMPILATION_MODE = wholemodule;
				SWIFT_OPTIMIZATION_LEVEL = "-O";
				VERSIONING_SYSTEM = "apple-generic";
				VERSION_INFO_PREFIX = "";
			};
			name = Release;
		};
		E9C39EE2298A3E1900B8017F /* Debug */ = {
			isa = XCBuildConfiguration;
			buildSettings = {
				CLANG_ENABLE_MODULES = YES;
				CODE_SIGN_STYLE = Automatic;
				COMBINE_HIDPI_IMAGES = YES;
				CURRENT_PROJECT_VERSION = 1;
				DEFINES_MODULE = YES;
				DEVELOPMENT_TEAM = TFAADZ4278;
				DYLIB_COMPATIBILITY_VERSION = 1;
				DYLIB_CURRENT_VERSION = 1;
				DYLIB_INSTALL_NAME_BASE = "@rpath";
				GENERATE_INFOPLIST_FILE = YES;
				INFOPLIST_KEY_NSHumanReadableCopyright = "";
				INSTALL_PATH = "$(LOCAL_LIBRARY_DIR)/Frameworks";
				LD_RUNPATH_SEARCH_PATHS = (
					"$(inherited)",
					"@executable_path/../Frameworks",
					"@loader_path/Frameworks",
				);
				MARKETING_VERSION = 1.0;
				PRODUCT_BUNDLE_IDENTIFIER = "app.kai7.EssentialFeed-KaiLearning";
				PRODUCT_NAME = "$(TARGET_NAME:c99extidentifier)";
				SKIP_INSTALL = YES;
				SWIFT_EMIT_LOC_STRINGS = YES;
				SWIFT_OPTIMIZATION_LEVEL = "-Onone";
				SWIFT_VERSION = 5.0;
			};
			name = Debug;
		};
		E9C39EE3298A3E1900B8017F /* Release */ = {
			isa = XCBuildConfiguration;
			buildSettings = {
				CLANG_ENABLE_MODULES = YES;
				CODE_SIGN_STYLE = Automatic;
				COMBINE_HIDPI_IMAGES = YES;
				CURRENT_PROJECT_VERSION = 1;
				DEFINES_MODULE = YES;
				DEVELOPMENT_TEAM = TFAADZ4278;
				DYLIB_COMPATIBILITY_VERSION = 1;
				DYLIB_CURRENT_VERSION = 1;
				DYLIB_INSTALL_NAME_BASE = "@rpath";
				GENERATE_INFOPLIST_FILE = YES;
				INFOPLIST_KEY_NSHumanReadableCopyright = "";
				INSTALL_PATH = "$(LOCAL_LIBRARY_DIR)/Frameworks";
				LD_RUNPATH_SEARCH_PATHS = (
					"$(inherited)",
					"@executable_path/../Frameworks",
					"@loader_path/Frameworks",
				);
				MARKETING_VERSION = 1.0;
				PRODUCT_BUNDLE_IDENTIFIER = "app.kai7.EssentialFeed-KaiLearning";
				PRODUCT_NAME = "$(TARGET_NAME:c99extidentifier)";
				SKIP_INSTALL = YES;
				SWIFT_EMIT_LOC_STRINGS = YES;
				SWIFT_VERSION = 5.0;
			};
			name = Release;
		};
		E9C39EE5298A3E1900B8017F /* Debug */ = {
			isa = XCBuildConfiguration;
			buildSettings = {
				ALWAYS_EMBED_SWIFT_STANDARD_LIBRARIES = YES;
				CLANG_ENABLE_MODULES = YES;
				CODE_SIGN_STYLE = Automatic;
				CURRENT_PROJECT_VERSION = 1;
				DEVELOPMENT_TEAM = TFAADZ4278;
				GENERATE_INFOPLIST_FILE = YES;
				LD_RUNPATH_SEARCH_PATHS = (
					"$(inherited)",
					"@executable_path/../Frameworks",
					"@loader_path/../Frameworks",
				);
				MARKETING_VERSION = 1.0;
				PRODUCT_BUNDLE_IDENTIFIER = "app.kai7.EssentialFeed-KaiLearningTests";
				PRODUCT_NAME = "$(TARGET_NAME)";
				SWIFT_EMIT_LOC_STRINGS = NO;
				SWIFT_OPTIMIZATION_LEVEL = "-Onone";
				SWIFT_VERSION = 5.0;
			};
			name = Debug;
		};
		E9C39EE6298A3E1900B8017F /* Release */ = {
			isa = XCBuildConfiguration;
			buildSettings = {
				ALWAYS_EMBED_SWIFT_STANDARD_LIBRARIES = YES;
				CLANG_ENABLE_MODULES = YES;
				CODE_SIGN_STYLE = Automatic;
				CURRENT_PROJECT_VERSION = 1;
				DEVELOPMENT_TEAM = TFAADZ4278;
				GENERATE_INFOPLIST_FILE = YES;
				LD_RUNPATH_SEARCH_PATHS = (
					"$(inherited)",
					"@executable_path/../Frameworks",
					"@loader_path/../Frameworks",
				);
				MARKETING_VERSION = 1.0;
				PRODUCT_BUNDLE_IDENTIFIER = "app.kai7.EssentialFeed-KaiLearningTests";
				PRODUCT_NAME = "$(TARGET_NAME)";
				SWIFT_EMIT_LOC_STRINGS = NO;
				SWIFT_VERSION = 5.0;
			};
			name = Release;
		};
/* End XCBuildConfiguration section */

/* Begin XCConfigurationList section */
		DEA52554298F951C00600B80 /* Build configuration list for PBXNativeTarget "EssentialFeedAPIEndToEndTests" */ = {
			isa = XCConfigurationList;
			buildConfigurations = (
				DEA52555298F951C00600B80 /* Debug */,
				DEA52556298F951C00600B80 /* Release */,
			);
			defaultConfigurationIsVisible = 0;
			defaultConfigurationName = Release;
		};
		E9C39EC7298A3E1800B8017F /* Build configuration list for PBXProject "EssentialFeed-KaiLearning" */ = {
			isa = XCConfigurationList;
			buildConfigurations = (
				E9C39EDF298A3E1900B8017F /* Debug */,
				E9C39EE0298A3E1900B8017F /* Release */,
			);
			defaultConfigurationIsVisible = 0;
			defaultConfigurationName = Release;
		};
		E9C39EE1298A3E1900B8017F /* Build configuration list for PBXNativeTarget "EssentialFeed-KaiLearning" */ = {
			isa = XCConfigurationList;
			buildConfigurations = (
				E9C39EE2298A3E1900B8017F /* Debug */,
				E9C39EE3298A3E1900B8017F /* Release */,
			);
			defaultConfigurationIsVisible = 0;
			defaultConfigurationName = Release;
		};
		E9C39EE4298A3E1900B8017F /* Build configuration list for PBXNativeTarget "EssentialFeed-KaiLearningTests" */ = {
			isa = XCConfigurationList;
			buildConfigurations = (
				E9C39EE5298A3E1900B8017F /* Debug */,
				E9C39EE6298A3E1900B8017F /* Release */,
			);
			defaultConfigurationIsVisible = 0;
			defaultConfigurationName = Release;
		};
/* End XCConfigurationList section */

/* Begin XCVersionGroup section */
		EF7DF4CC29B7088B00C4DD2D /* FeedStore.xcdatamodeld */ = {
			isa = XCVersionGroup;
			children = (
				EF7DF4CD29B7088B00C4DD2D /* FeedStore2.xcdatamodel */,
				EF7DF4CE29B7088B00C4DD2D /* FeedStore.xcdatamodel */,
			);
			currentVersion = EF7DF4CD29B7088B00C4DD2D /* FeedStore2.xcdatamodel */;
			path = FeedStore.xcdatamodeld;
			sourceTree = "<group>";
			versionGroupType = wrapper.xcdatamodel;
		};
/* End XCVersionGroup section */
	};
	rootObject = E9C39EC4298A3E1800B8017F /* Project object */;
}
